// !$*UTF8*$!
{
	archiveVersion = 1;
	classes = {
	};
	objectVersion = 50;
	objects = {

/* Begin PBXBuildFile section */
		AD1F715924B060AD006377B2 /* HeroApp.swift in Sources */ = {isa = PBXBuildFile; fileRef = AD1F715824B060AD006377B2 /* HeroApp.swift */; };
		AD1F715B24B060AD006377B2 /* ContentView.swift in Sources */ = {isa = PBXBuildFile; fileRef = AD1F715A24B060AD006377B2 /* ContentView.swift */; };
		AD1F715D24B060AF006377B2 /* Assets.xcassets in Resources */ = {isa = PBXBuildFile; fileRef = AD1F715C24B060AF006377B2 /* Assets.xcassets */; };
		AD1F716024B060AF006377B2 /* Preview Assets.xcassets in Resources */ = {isa = PBXBuildFile; fileRef = AD1F715F24B060AF006377B2 /* Preview Assets.xcassets */; };
		AD1F716B24B060AF006377B2 /* HeroTests.swift in Sources */ = {isa = PBXBuildFile; fileRef = AD1F716A24B060AF006377B2 /* HeroTests.swift */; };
		AD1F717624B060AF006377B2 /* HeroUITests.swift in Sources */ = {isa = PBXBuildFile; fileRef = AD1F717524B060AF006377B2 /* HeroUITests.swift */; };
/* End PBXBuildFile section */

/* Begin PBXContainerItemProxy section */
		AD1F716724B060AF006377B2 /* PBXContainerItemProxy */ = {
			isa = PBXContainerItemProxy;
			containerPortal = AD1F714D24B060AD006377B2 /* Project object */;
			proxyType = 1;
			remoteGlobalIDString = AD1F715424B060AD006377B2;
			remoteInfo = Hero;
		};
		AD1F717224B060AF006377B2 /* PBXContainerItemProxy */ = {
			isa = PBXContainerItemProxy;
			containerPortal = AD1F714D24B060AD006377B2 /* Project object */;
			proxyType = 1;
			remoteGlobalIDString = AD1F715424B060AD006377B2;
			remoteInfo = Hero;
		};
/* End PBXContainerItemProxy section */

/* Begin PBXFileReference section */
		AD1F715524B060AD006377B2 /* Hero.app */ = {isa = PBXFileReference; explicitFileType = wrapper.application; includeInIndex = 0; path = Hero.app; sourceTree = BUILT_PRODUCTS_DIR; };
		AD1F715824B060AD006377B2 /* HeroApp.swift */ = {isa = PBXFileReference; lastKnownFileType = sourcecode.swift; path = HeroApp.swift; sourceTree = "<group>"; };
		AD1F715A24B060AD006377B2 /* ContentView.swift */ = {isa = PBXFileReference; lastKnownFileType = sourcecode.swift; path = ContentView.swift; sourceTree = "<group>"; };
		AD1F715C24B060AF006377B2 /* Assets.xcassets */ = {isa = PBXFileReference; lastKnownFileType = folder.assetcatalog; path = Assets.xcassets; sourceTree = "<group>"; };
		AD1F715F24B060AF006377B2 /* Preview Assets.xcassets */ = {isa = PBXFileReference; lastKnownFileType = folder.assetcatalog; path = "Preview Assets.xcassets"; sourceTree = "<group>"; };
		AD1F716124B060AF006377B2 /* Info.plist */ = {isa = PBXFileReference; lastKnownFileType = text.plist.xml; path = Info.plist; sourceTree = "<group>"; };
		AD1F716624B060AF006377B2 /* HeroTests.xctest */ = {isa = PBXFileReference; explicitFileType = wrapper.cfbundle; includeInIndex = 0; path = HeroTests.xctest; sourceTree = BUILT_PRODUCTS_DIR; };
		AD1F716A24B060AF006377B2 /* HeroTests.swift */ = {isa = PBXFileReference; lastKnownFileType = sourcecode.swift; path = HeroTests.swift; sourceTree = "<group>"; };
		AD1F716C24B060AF006377B2 /* Info.plist */ = {isa = PBXFileReference; lastKnownFileType = text.plist.xml; path = Info.plist; sourceTree = "<group>"; };
		AD1F717124B060AF006377B2 /* HeroUITests.xctest */ = {isa = PBXFileReference; explicitFileType = wrapper.cfbundle; includeInIndex = 0; path = HeroUITests.xctest; sourceTree = BUILT_PRODUCTS_DIR; };
		AD1F717524B060AF006377B2 /* HeroUITests.swift */ = {isa = PBXFileReference; lastKnownFileType = sourcecode.swift; path = HeroUITests.swift; sourceTree = "<group>"; };
		AD1F717724B060AF006377B2 /* Info.plist */ = {isa = PBXFileReference; lastKnownFileType = text.plist.xml; path = Info.plist; sourceTree = "<group>"; };
/* End PBXFileReference section */

/* Begin PBXFrameworksBuildPhase section */
		AD1F715224B060AD006377B2 /* Frameworks */ = {
			isa = PBXFrameworksBuildPhase;
			buildActionMask = 2147483647;
			files = (
			);
			runOnlyForDeploymentPostprocessing = 0;
		};
		AD1F716324B060AF006377B2 /* Frameworks */ = {
			isa = PBXFrameworksBuildPhase;
			buildActionMask = 2147483647;
			files = (
			);
			runOnlyForDeploymentPostprocessing = 0;
		};
		AD1F716E24B060AF006377B2 /* Frameworks */ = {
			isa = PBXFrameworksBuildPhase;
			buildActionMask = 2147483647;
			files = (
			);
			runOnlyForDeploymentPostprocessing = 0;
		};
/* End PBXFrameworksBuildPhase section */

/* Begin PBXGroup section */
		AD1F714C24B060AD006377B2 = {
			isa = PBXGroup;
			children = (
				AD1F715724B060AD006377B2 /* Hero */,
				AD1F716924B060AF006377B2 /* HeroTests */,
				AD1F717424B060AF006377B2 /* HeroUITests */,
				AD1F715624B060AD006377B2 /* Products */,
			);
			sourceTree = "<group>";
		};
		AD1F715624B060AD006377B2 /* Products */ = {
			isa = PBXGroup;
			children = (
				AD1F715524B060AD006377B2 /* Hero.app */,
				AD1F716624B060AF006377B2 /* HeroTests.xctest */,
				AD1F717124B060AF006377B2 /* HeroUITests.xctest */,
			);
			name = Products;
			sourceTree = "<group>";
		};
		AD1F715724B060AD006377B2 /* Hero */ = {
			isa = PBXGroup;
			children = (
				AD1F715824B060AD006377B2 /* HeroApp.swift */,
				AD1F715A24B060AD006377B2 /* ContentView.swift */,
				AD1F715C24B060AF006377B2 /* Assets.xcassets */,
				AD1F716124B060AF006377B2 /* Info.plist */,
				AD1F715E24B060AF006377B2 /* Preview Content */,
			);
			path = Hero;
			sourceTree = "<group>";
		};
		AD1F715E24B060AF006377B2 /* Preview Content */ = {
			isa = PBXGroup;
			children = (
				AD1F715F24B060AF006377B2 /* Preview Assets.xcassets */,
			);
			path = "Preview Content";
			sourceTree = "<group>";
		};
		AD1F716924B060AF006377B2 /* HeroTests */ = {
			isa = PBXGroup;
			children = (
				AD1F716A24B060AF006377B2 /* HeroTests.swift */,
				AD1F716C24B060AF006377B2 /* Info.plist */,
			);
			path = HeroTests;
			sourceTree = "<group>";
		};
		AD1F717424B060AF006377B2 /* HeroUITests */ = {
			isa = PBXGroup;
			children = (
				AD1F717524B060AF006377B2 /* HeroUITests.swift */,
				AD1F717724B060AF006377B2 /* Info.plist */,
			);
			path = HeroUITests;
			sourceTree = "<group>";
		};
/* End PBXGroup section */

/* Begin PBXNativeTarget section */
		AD1F715424B060AD006377B2 /* Hero */ = {
			isa = PBXNativeTarget;
			buildConfigurationList = AD1F717A24B060AF006377B2 /* Build configuration list for PBXNativeTarget "Hero" */;
			buildPhases = (
				AD1F715124B060AD006377B2 /* Sources */,
				AD1F715224B060AD006377B2 /* Frameworks */,
				AD1F715324B060AD006377B2 /* Resources */,
			);
			buildRules = (
			);
			dependencies = (
			);
			name = Hero;
			productName = Hero;
			productReference = AD1F715524B060AD006377B2 /* Hero.app */;
			productType = "com.apple.product-type.application";
		};
		AD1F716524B060AF006377B2 /* HeroTests */ = {
			isa = PBXNativeTarget;
			buildConfigurationList = AD1F717D24B060AF006377B2 /* Build configuration list for PBXNativeTarget "HeroTests" */;
			buildPhases = (
				AD1F716224B060AF006377B2 /* Sources */,
				AD1F716324B060AF006377B2 /* Frameworks */,
				AD1F716424B060AF006377B2 /* Resources */,
			);
			buildRules = (
			);
			dependencies = (
				AD1F716824B060AF006377B2 /* PBXTargetDependency */,
			);
			name = HeroTests;
			productName = HeroTests;
			productReference = AD1F716624B060AF006377B2 /* HeroTests.xctest */;
			productType = "com.apple.product-type.bundle.unit-test";
		};
		AD1F717024B060AF006377B2 /* HeroUITests */ = {
			isa = PBXNativeTarget;
			buildConfigurationList = AD1F718024B060AF006377B2 /* Build configuration list for PBXNativeTarget "HeroUITests" */;
			buildPhases = (
				AD1F716D24B060AF006377B2 /* Sources */,
				AD1F716E24B060AF006377B2 /* Frameworks */,
				AD1F716F24B060AF006377B2 /* Resources */,
			);
			buildRules = (
			);
			dependencies = (
				AD1F717324B060AF006377B2 /* PBXTargetDependency */,
			);
			name = HeroUITests;
			productName = HeroUITests;
			productReference = AD1F717124B060AF006377B2 /* HeroUITests.xctest */;
			productType = "com.apple.product-type.bundle.ui-testing";
		};
/* End PBXNativeTarget section */

/* Begin PBXProject section */
		AD1F714D24B060AD006377B2 /* Project object */ = {
			isa = PBXProject;
			attributes = {
				LastSwiftUpdateCheck = 1200;
				LastUpgradeCheck = 1200;
				TargetAttributes = {
					AD1F715424B060AD006377B2 = {
						CreatedOnToolsVersion = 12.0;
					};
					AD1F716524B060AF006377B2 = {
						CreatedOnToolsVersion = 12.0;
						TestTargetID = AD1F715424B060AD006377B2;
					};
					AD1F717024B060AF006377B2 = {
						CreatedOnToolsVersion = 12.0;
						TestTargetID = AD1F715424B060AD006377B2;
					};
				};
			};
			buildConfigurationList = AD1F715024B060AD006377B2 /* Build configuration list for PBXProject "Hero" */;
			compatibilityVersion = "Xcode 9.3";
			developmentRegion = en;
			hasScannedForEncodings = 0;
			knownRegions = (
				en,
				Base,
			);
			mainGroup = AD1F714C24B060AD006377B2;
			productRefGroup = AD1F715624B060AD006377B2 /* Products */;
			projectDirPath = "";
			projectRoot = "";
			targets = (
				AD1F715424B060AD006377B2 /* Hero */,
				AD1F716524B060AF006377B2 /* HeroTests */,
				AD1F717024B060AF006377B2 /* HeroUITests */,
			);
		};
/* End PBXProject section */

/* Begin PBXResourcesBuildPhase section */
		AD1F715324B060AD006377B2 /* Resources */ = {
			isa = PBXResourcesBuildPhase;
			buildActionMask = 2147483647;
			files = (
				AD1F716024B060AF006377B2 /* Preview Assets.xcassets in Resources */,
				AD1F715D24B060AF006377B2 /* Assets.xcassets in Resources */,
			);
			runOnlyForDeploymentPostprocessing = 0;
		};
		AD1F716424B060AF006377B2 /* Resources */ = {
			isa = PBXResourcesBuildPhase;
			buildActionMask = 2147483647;
			files = (
			);
			runOnlyForDeploymentPostprocessing = 0;
		};
		AD1F716F24B060AF006377B2 /* Resources */ = {
			isa = PBXResourcesBuildPhase;
			buildActionMask = 2147483647;
			files = (
			);
			runOnlyForDeploymentPostprocessing = 0;
		};
/* End PBXResourcesBuildPhase section */

/* Begin PBXSourcesBuildPhase section */
		AD1F715124B060AD006377B2 /* Sources */ = {
			isa = PBXSourcesBuildPhase;
			buildActionMask = 2147483647;
			files = (
				AD1F715B24B060AD006377B2 /* ContentView.swift in Sources */,
				AD1F715924B060AD006377B2 /* HeroApp.swift in Sources */,
			);
			runOnlyForDeploymentPostprocessing = 0;
		};
		AD1F716224B060AF006377B2 /* Sources */ = {
			isa = PBXSourcesBuildPhase;
			buildActionMask = 2147483647;
			files = (
				AD1F716B24B060AF006377B2 /* HeroTests.swift in Sources */,
			);
			runOnlyForDeploymentPostprocessing = 0;
		};
		AD1F716D24B060AF006377B2 /* Sources */ = {
			isa = PBXSourcesBuildPhase;
			buildActionMask = 2147483647;
			files = (
				AD1F717624B060AF006377B2 /* HeroUITests.swift in Sources */,
			);
			runOnlyForDeploymentPostprocessing = 0;
		};
/* End PBXSourcesBuildPhase section */

/* Begin PBXTargetDependency section */
		AD1F716824B060AF006377B2 /* PBXTargetDependency */ = {
			isa = PBXTargetDependency;
			target = AD1F715424B060AD006377B2 /* Hero */;
			targetProxy = AD1F716724B060AF006377B2 /* PBXContainerItemProxy */;
		};
		AD1F717324B060AF006377B2 /* PBXTargetDependency */ = {
			isa = PBXTargetDependency;
			target = AD1F715424B060AD006377B2 /* Hero */;
			targetProxy = AD1F717224B060AF006377B2 /* PBXContainerItemProxy */;
		};
/* End PBXTargetDependency section */

/* Begin XCBuildConfiguration section */
		AD1F717824B060AF006377B2 /* Debug */ = {
			isa = XCBuildConfiguration;
			buildSettings = {
				ALWAYS_SEARCH_USER_PATHS = NO;
				CLANG_ANALYZER_NONNULL = YES;
				CLANG_ANALYZER_NUMBER_OBJECT_CONVERSION = YES_AGGRESSIVE;
				CLANG_CXX_LANGUAGE_STANDARD = "gnu++14";
				CLANG_CXX_LIBRARY = "libc++";
				CLANG_ENABLE_MODULES = YES;
				CLANG_ENABLE_OBJC_ARC = YES;
				CLANG_ENABLE_OBJC_WEAK = YES;
				CLANG_WARN_BLOCK_CAPTURE_AUTORELEASING = YES;
				CLANG_WARN_BOOL_CONVERSION = YES;
				CLANG_WARN_COMMA = YES;
				CLANG_WARN_CONSTANT_CONVERSION = YES;
				CLANG_WARN_DEPRECATED_OBJC_IMPLEMENTATIONS = YES;
				CLANG_WARN_DIRECT_OBJC_ISA_USAGE = YES_ERROR;
				CLANG_WARN_DOCUMENTATION_COMMENTS = YES;
				CLANG_WARN_EMPTY_BODY = YES;
				CLANG_WARN_ENUM_CONVERSION = YES;
				CLANG_WARN_INFINITE_RECURSION = YES;
				CLANG_WARN_INT_CONVERSION = YES;
				CLANG_WARN_NON_LITERAL_NULL_CONVERSION = YES;
				CLANG_WARN_OBJC_IMPLICIT_RETAIN_SELF = YES;
				CLANG_WARN_OBJC_LITERAL_CONVERSION = YES;
				CLANG_WARN_OBJC_ROOT_CLASS = YES_ERROR;
				CLANG_WARN_QUOTED_INCLUDE_IN_FRAMEWORK_HEADER = YES;
				CLANG_WARN_RANGE_LOOP_ANALYSIS = YES;
				CLANG_WARN_STRICT_PROTOTYPES = YES;
				CLANG_WARN_SUSPICIOUS_MOVE = YES;
				CLANG_WARN_UNGUARDED_AVAILABILITY = YES_AGGRESSIVE;
				CLANG_WARN_UNREACHABLE_CODE = YES;
				CLANG_WARN__DUPLICATE_METHOD_MATCH = YES;
				COPY_PHASE_STRIP = NO;
				DEBUG_INFORMATION_FORMAT = dwarf;
				ENABLE_STRICT_OBJC_MSGSEND = YES;
				ENABLE_TESTABILITY = YES;
				GCC_C_LANGUAGE_STANDARD = gnu11;
				GCC_DYNAMIC_NO_PIC = NO;
				GCC_NO_COMMON_BLOCKS = YES;
				GCC_OPTIMIZATION_LEVEL = 0;
				GCC_PREPROCESSOR_DEFINITIONS = (
					"DEBUG=1",
					"$(inherited)",
				);
				GCC_WARN_64_TO_32_BIT_CONVERSION = YES;
				GCC_WARN_ABOUT_RETURN_TYPE = YES_ERROR;
				GCC_WARN_UNDECLARED_SELECTOR = YES;
				GCC_WARN_UNINITIALIZED_AUTOS = YES_AGGRESSIVE;
				GCC_WARN_UNUSED_FUNCTION = YES;
				GCC_WARN_UNUSED_VARIABLE = YES;
				IPHONEOS_DEPLOYMENT_TARGET = 14.0;
				MTL_ENABLE_DEBUG_INFO = INCLUDE_SOURCE;
				MTL_FAST_MATH = YES;
				ONLY_ACTIVE_ARCH = YES;
				SDKROOT = iphoneos;
				SWIFT_ACTIVE_COMPILATION_CONDITIONS = DEBUG;
				SWIFT_OPTIMIZATION_LEVEL = "-Onone";
			};
			name = Debug;
		};
		AD1F717924B060AF006377B2 /* Release */ = {
			isa = XCBuildConfiguration;
			buildSettings = {
				ALWAYS_SEARCH_USER_PATHS = NO;
				CLANG_ANALYZER_NONNULL = YES;
				CLANG_ANALYZER_NUMBER_OBJECT_CONVERSION = YES_AGGRESSIVE;
				CLANG_CXX_LANGUAGE_STANDARD = "gnu++14";
				CLANG_CXX_LIBRARY = "libc++";
				CLANG_ENABLE_MODULES = YES;
				CLANG_ENABLE_OBJC_ARC = YES;
				CLANG_ENABLE_OBJC_WEAK = YES;
				CLANG_WARN_BLOCK_CAPTURE_AUTORELEASING = YES;
				CLANG_WARN_BOOL_CONVERSION = YES;
				CLANG_WARN_COMMA = YES;
				CLANG_WARN_CONSTANT_CONVERSION = YES;
				CLANG_WARN_DEPRECATED_OBJC_IMPLEMENTATIONS = YES;
				CLANG_WARN_DIRECT_OBJC_ISA_USAGE = YES_ERROR;
				CLANG_WARN_DOCUMENTATION_COMMENTS = YES;
				CLANG_WARN_EMPTY_BODY = YES;
				CLANG_WARN_ENUM_CONVERSION = YES;
				CLANG_WARN_INFINITE_RECURSION = YES;
				CLANG_WARN_INT_CONVERSION = YES;
				CLANG_WARN_NON_LITERAL_NULL_CONVERSION = YES;
				CLANG_WARN_OBJC_IMPLICIT_RETAIN_SELF = YES;
				CLANG_WARN_OBJC_LITERAL_CONVERSION = YES;
				CLANG_WARN_OBJC_ROOT_CLASS = YES_ERROR;
				CLANG_WARN_QUOTED_INCLUDE_IN_FRAMEWORK_HEADER = YES;
				CLANG_WARN_RANGE_LOOP_ANALYSIS = YES;
				CLANG_WARN_STRICT_PROTOTYPES = YES;
				CLANG_WARN_SUSPICIOUS_MOVE = YES;
				CLANG_WARN_UNGUARDED_AVAILABILITY = YES_AGGRESSIVE;
				CLANG_WARN_UNREACHABLE_CODE = YES;
				CLANG_WARN__DUPLICATE_METHOD_MATCH = YES;
				COPY_PHASE_STRIP = NO;
				DEBUG_INFORMATION_FORMAT = "dwarf-with-dsym";
				ENABLE_NS_ASSERTIONS = NO;
				ENABLE_STRICT_OBJC_MSGSEND = YES;
				GCC_C_LANGUAGE_STANDARD = gnu11;
				GCC_NO_COMMON_BLOCKS = YES;
				GCC_WARN_64_TO_32_BIT_CONVERSION = YES;
				GCC_WARN_ABOUT_RETURN_TYPE = YES_ERROR;
				GCC_WARN_UNDECLARED_SELECTOR = YES;
				GCC_WARN_UNINITIALIZED_AUTOS = YES_AGGRESSIVE;
				GCC_WARN_UNUSED_FUNCTION = YES;
				GCC_WARN_UNUSED_VARIABLE = YES;
				IPHONEOS_DEPLOYMENT_TARGET = 14.0;
				MTL_ENABLE_DEBUG_INFO = NO;
				MTL_FAST_MATH = YES;
				SDKROOT = iphoneos;
				SWIFT_COMPILATION_MODE = wholemodule;
				SWIFT_OPTIMIZATION_LEVEL = "-O";
				VALIDATE_PRODUCT = YES;
			};
			name = Release;
		};
		AD1F717B24B060AF006377B2 /* Debug */ = {
			isa = XCBuildConfiguration;
			buildSettings = {
				ASSETCATALOG_COMPILER_APPICON_NAME = AppIcon;
				ASSETCATALOG_COMPILER_GLOBAL_ACCENT_COLOR_NAME = AccentColor;
				CODE_SIGN_STYLE = Automatic;
				DEVELOPMENT_ASSET_PATHS = "\"Hero/Preview Content\"";
				ENABLE_PREVIEWS = YES;
				INFOPLIST_FILE = Hero/Info.plist;
				IPHONEOS_DEPLOYMENT_TARGET = 14.0;
				LD_RUNPATH_SEARCH_PATHS = (
					"$(inherited)",
					"@executable_path/Frameworks",
				);
				PRODUCT_BUNDLE_IDENTIFIER = com.kavsoft.Hero;
				PRODUCT_NAME = "$(TARGET_NAME)";
				SWIFT_VERSION = 5.0;
				TARGETED_DEVICE_FAMILY = "1,2";
			};
			name = Debug;
		};
		AD1F717C24B060AF006377B2 /* Release */ = {
			isa = XCBuildConfiguration;
			buildSettings = {
				ASSETCATALOG_COMPILER_APPICON_NAME = AppIcon;
				ASSETCATALOG_COMPILER_GLOBAL_ACCENT_COLOR_NAME = AccentColor;
				CODE_SIGN_STYLE = Automatic;
				DEVELOPMENT_ASSET_PATHS = "\"Hero/Preview Content\"";
				ENABLE_PREVIEWS = YES;
				INFOPLIST_FILE = Hero/Info.plist;
				IPHONEOS_DEPLOYMENT_TARGET = 14.0;
				LD_RUNPATH_SEARCH_PATHS = (
					"$(inherited)",
					"@executable_path/Frameworks",
				);
				PRODUCT_BUNDLE_IDENTIFIER = com.kavsoft.Hero;
				PRODUCT_NAME = "$(TARGET_NAME)";
				SWIFT_VERSION = 5.0;
				TARGETED_DEVICE_FAMILY = "1,2";
			};
			name = Release;
		};
		AD1F717E24B060AF006377B2 /* Debug */ = {
			isa = XCBuildConfiguration;
			buildSettings = {
				ALWAYS_EMBED_SWIFT_STANDARD_LIBRARIES = YES;
				BUNDLE_LOADER = "$(TEST_HOST)";
				CODE_SIGN_STYLE = Automatic;
				INFOPLIST_FILE = HeroTests/Info.plist;
				IPHONEOS_DEPLOYMENT_TARGET = 14.0;
				LD_RUNPATH_SEARCH_PATHS = (
					"$(inherited)",
					"@executable_path/Frameworks",
					"@loader_path/Frameworks",
				);
				PRODUCT_BUNDLE_IDENTIFIER = com.kavsoft.HeroTests;
				PRODUCT_NAME = "$(TARGET_NAME)";
				SWIFT_VERSION = 5.0;
				TARGETED_DEVICE_FAMILY = "1,2";
				TEST_HOST = "$(BUILT_PRODUCTS_DIR)/Hero.app/Hero";
			};
			name = Debug;
		};
		AD1F717F24B060AF006377B2 /* Release */ = {
			isa = XCBuildConfiguration;
			buildSettings = {
				ALWAYS_EMBED_SWIFT_STANDARD_LIBRARIES = YES;
				BUNDLE_LOADER = "$(TEST_HOST)";
				CODE_SIGN_STYLE = Automatic;
				INFOPLIST_FILE = HeroTests/Info.plist;
				IPHONEOS_DEPLOYMENT_TARGET = 14.0;
				LD_RUNPATH_SEARCH_PATHS = (
					"$(inherited)",
					"@executable_path/Frameworks",
					"@loader_path/Frameworks",
				);
				PRODUCT_BUNDLE_IDENTIFIER = com.kavsoft.HeroTests;
				PRODUCT_NAME = "$(TARGET_NAME)";
				SWIFT_VERSION = 5.0;
				TARGETED_DEVICE_FAMILY = "1,2";
				TEST_HOST = "$(BUILT_PRODUCTS_DIR)/Hero.app/Hero";
			};
			name = Release;
		};
		AD1F718124B060AF006377B2 /* Debug */ = {
			isa = XCBuildConfiguration;
			buildSettings = {
				ALWAYS_EMBED_SWIFT_STANDARD_LIBRARIES = YES;
				CODE_SIGN_STYLE = Automatic;
				INFOPLIST_FILE = HeroUITests/Info.plist;
				LD_RUNPATH_SEARCH_PATHS = (
					"$(inherited)",
					"@executable_path/Frameworks",
					"@loader_path/Frameworks",
				);
				PRODUCT_BUNDLE_IDENTIFIER = com.kavsoft.HeroUITests;
				PRODUCT_NAME = "$(TARGET_NAME)";
				SWIFT_VERSION = 5.0;
				TARGETED_DEVICE_FAMILY = "1,2";
				TEST_TARGET_NAME = Hero;
			};
			name = Debug;
		};
		AD1F718224B060AF006377B2 /* Release */ = {
			isa = XCBuildConfiguration;
			buildSettings = {
				ALWAYS_EMBED_SWIFT_STANDARD_LIBRARIES = YES;
				CODE_SIGN_STYLE = Automatic;
				INFOPLIST_FILE = HeroUITests/Info.plist;
				LD_RUNPATH_SEARCH_PATHS = (
					"$(inherited)",
					"@executable_path/Frameworks",
					"@loader_path/Frameworks",
				);
				PRODUCT_BUNDLE_IDENTIFIER = com.kavsoft.HeroUITests;
				PRODUCT_NAME = "$(TARGET_NAME)";
				SWIFT_VERSION = 5.0;
				TARGETED_DEVICE_FAMILY = "1,2";
				TEST_TARGET_NAME = Hero;
			};
			name = Release;
		};
/* End XCBuildConfiguration section */

/* Begin XCConfigurationList section */
		AD1F715024B060AD006377B2 /* Build configuration list for PBXProject "Hero" */ = {
			isa = XCConfigurationList;
			buildConfigurations = (
				AD1F717824B060AF006377B2 /* Debug */,
				AD1F717924B060AF006377B2 /* Release */,
			);
			defaultConfigurationIsVisible = 0;
			defaultConfigurationName = Release;
		};
		AD1F717A24B060AF006377B2 /* Build configuration list for PBXNativeTarget "Hero" */ = {
			isa = XCConfigurationList;
			buildConfigurations = (
				AD1F717B24B060AF006377B2 /* Debug */,
				AD1F717C24B060AF006377B2 /* Release */,
			);
			defaultConfigurationIsVisible = 0;
			defaultConfigurationName = Release;
		};
		AD1F717D24B060AF006377B2 /* Build configuration list for PBXNativeTarget "HeroTests" */ = {
			isa = XCConfigurationList;
			buildConfigurations = (
				AD1F717E24B060AF006377B2 /* Debug */,
				AD1F717F24B060AF006377B2 /* Release */,
			);
			defaultConfigurationIsVisible = 0;
			defaultConfigurationName = Release;
		};
		AD1F718024B060AF006377B2 /* Build configuration list for PBXNativeTarget "HeroUITests" */ = {
			isa = XCConfigurationList;
			buildConfigurations = (
				AD1F718124B060AF006377B2 /* Debug */,
				AD1F718224B060AF006377B2 /* Release */,
			);
			defaultConfigurationIsVisible = 0;
			defaultConfigurationName = Release;
		};
/* End XCConfigurationList section */
	};
	rootObject = AD1F714D24B060AD006377B2 /* Project object */;
}
