// !$*UTF8*$!
{
	archiveVersion = 1;
	classes = {
	};
	objectVersion = 50;
	objects = {

/* Begin PBXBuildFile section */
		ADE11D9925664FB8007625F2 /* HoneyApp.swift in Sources */ = {isa = PBXBuildFile; fileRef = ADE11D9825664FB8007625F2 /* HoneyApp.swift */; };
		ADE11D9B25664FB8007625F2 /* ContentView.swift in Sources */ = {isa = PBXBuildFile; fileRef = ADE11D9A25664FB8007625F2 /* ContentView.swift */; };
		ADE11D9D25664FB9007625F2 /* Assets.xcassets in Resources */ = {isa = PBXBuildFile; fileRef = ADE11D9C25664FB9007625F2 /* Assets.xcassets */; };
		ADE11DA025664FB9007625F2 /* Preview Assets.xcassets in Resources */ = {isa = PBXBuildFile; fileRef = ADE11D9F25664FB9007625F2 /* Preview Assets.xcassets */; };
		ADE11DAB25664FB9007625F2 /* HoneyTests.swift in Sources */ = {isa = PBXBuildFile; fileRef = ADE11DAA25664FB9007625F2 /* HoneyTests.swift */; };
		ADE11DB625664FB9007625F2 /* HoneyUITests.swift in Sources */ = {isa = PBXBuildFile; fileRef = ADE11DB525664FB9007625F2 /* HoneyUITests.swift */; };
/* End PBXBuildFile section */

/* Begin PBXContainerItemProxy section */
		ADE11DA725664FB9007625F2 /* PBXContainerItemProxy */ = {
			isa = PBXContainerItemProxy;
			containerPortal = ADE11D8D25664FB8007625F2 /* Project object */;
			proxyType = 1;
			remoteGlobalIDString = ADE11D9425664FB8007625F2;
			remoteInfo = Honey;
		};
		ADE11DB225664FB9007625F2 /* PBXContainerItemProxy */ = {
			isa = PBXContainerItemProxy;
			containerPortal = ADE11D8D25664FB8007625F2 /* Project object */;
			proxyType = 1;
			remoteGlobalIDString = ADE11D9425664FB8007625F2;
			remoteInfo = Honey;
		};
/* End PBXContainerItemProxy section */

/* Begin PBXFileReference section */
		ADE11D9525664FB8007625F2 /* Honey.app */ = {isa = PBXFileReference; explicitFileType = wrapper.application; includeInIndex = 0; path = Honey.app; sourceTree = BUILT_PRODUCTS_DIR; };
		ADE11D9825664FB8007625F2 /* HoneyApp.swift */ = {isa = PBXFileReference; lastKnownFileType = sourcecode.swift; path = HoneyApp.swift; sourceTree = "<group>"; };
		ADE11D9A25664FB8007625F2 /* ContentView.swift */ = {isa = PBXFileReference; lastKnownFileType = sourcecode.swift; path = ContentView.swift; sourceTree = "<group>"; };
		ADE11D9C25664FB9007625F2 /* Assets.xcassets */ = {isa = PBXFileReference; lastKnownFileType = folder.assetcatalog; path = Assets.xcassets; sourceTree = "<group>"; };
		ADE11D9F25664FB9007625F2 /* Preview Assets.xcassets */ = {isa = PBXFileReference; lastKnownFileType = folder.assetcatalog; path = "Preview Assets.xcassets"; sourceTree = "<group>"; };
		ADE11DA125664FB9007625F2 /* Info.plist */ = {isa = PBXFileReference; lastKnownFileType = text.plist.xml; path = Info.plist; sourceTree = "<group>"; };
		ADE11DA625664FB9007625F2 /* HoneyTests.xctest */ = {isa = PBXFileReference; explicitFileType = wrapper.cfbundle; includeInIndex = 0; path = HoneyTests.xctest; sourceTree = BUILT_PRODUCTS_DIR; };
		ADE11DAA25664FB9007625F2 /* HoneyTests.swift */ = {isa = PBXFileReference; lastKnownFileType = sourcecode.swift; path = HoneyTests.swift; sourceTree = "<group>"; };
		ADE11DAC25664FB9007625F2 /* Info.plist */ = {isa = PBXFileReference; lastKnownFileType = text.plist.xml; path = Info.plist; sourceTree = "<group>"; };
		ADE11DB125664FB9007625F2 /* HoneyUITests.xctest */ = {isa = PBXFileReference; explicitFileType = wrapper.cfbundle; includeInIndex = 0; path = HoneyUITests.xctest; sourceTree = BUILT_PRODUCTS_DIR; };
		ADE11DB525664FB9007625F2 /* HoneyUITests.swift */ = {isa = PBXFileReference; lastKnownFileType = sourcecode.swift; path = HoneyUITests.swift; sourceTree = "<group>"; };
		ADE11DB725664FB9007625F2 /* Info.plist */ = {isa = PBXFileReference; lastKnownFileType = text.plist.xml; path = Info.plist; sourceTree = "<group>"; };
/* End PBXFileReference section */

/* Begin PBXFrameworksBuildPhase section */
		ADE11D9225664FB8007625F2 /* Frameworks */ = {
			isa = PBXFrameworksBuildPhase;
			buildActionMask = 2147483647;
			files = (
			);
			runOnlyForDeploymentPostprocessing = 0;
		};
		ADE11DA325664FB9007625F2 /* Frameworks */ = {
			isa = PBXFrameworksBuildPhase;
			buildActionMask = 2147483647;
			files = (
			);
			runOnlyForDeploymentPostprocessing = 0;
		};
		ADE11DAE25664FB9007625F2 /* Frameworks */ = {
			isa = PBXFrameworksBuildPhase;
			buildActionMask = 2147483647;
			files = (
			);
			runOnlyForDeploymentPostprocessing = 0;
		};
/* End PBXFrameworksBuildPhase section */

/* Begin PBXGroup section */
		ADE11D8C25664FB8007625F2 = {
			isa = PBXGroup;
			children = (
				ADE11D9725664FB8007625F2 /* Honey */,
				ADE11DA925664FB9007625F2 /* HoneyTests */,
				ADE11DB425664FB9007625F2 /* HoneyUITests */,
				ADE11D9625664FB8007625F2 /* Products */,
			);
			sourceTree = "<group>";
		};
		ADE11D9625664FB8007625F2 /* Products */ = {
			isa = PBXGroup;
			children = (
				ADE11D9525664FB8007625F2 /* Honey.app */,
				ADE11DA625664FB9007625F2 /* HoneyTests.xctest */,
				ADE11DB125664FB9007625F2 /* HoneyUITests.xctest */,
			);
			name = Products;
			sourceTree = "<group>";
		};
		ADE11D9725664FB8007625F2 /* Honey */ = {
			isa = PBXGroup;
			children = (
				ADE11D9825664FB8007625F2 /* HoneyApp.swift */,
				ADE11D9A25664FB8007625F2 /* ContentView.swift */,
				ADE11D9C25664FB9007625F2 /* Assets.xcassets */,
				ADE11DA125664FB9007625F2 /* Info.plist */,
				ADE11D9E25664FB9007625F2 /* Preview Content */,
			);
			path = Honey;
			sourceTree = "<group>";
		};
		ADE11D9E25664FB9007625F2 /* Preview Content */ = {
			isa = PBXGroup;
			children = (
				ADE11D9F25664FB9007625F2 /* Preview Assets.xcassets */,
			);
			path = "Preview Content";
			sourceTree = "<group>";
		};
		ADE11DA925664FB9007625F2 /* HoneyTests */ = {
			isa = PBXGroup;
			children = (
				ADE11DAA25664FB9007625F2 /* HoneyTests.swift */,
				ADE11DAC25664FB9007625F2 /* Info.plist */,
			);
			path = HoneyTests;
			sourceTree = "<group>";
		};
		ADE11DB425664FB9007625F2 /* HoneyUITests */ = {
			isa = PBXGroup;
			children = (
				ADE11DB525664FB9007625F2 /* HoneyUITests.swift */,
				ADE11DB725664FB9007625F2 /* Info.plist */,
			);
			path = HoneyUITests;
			sourceTree = "<group>";
		};
/* End PBXGroup section */

/* Begin PBXNativeTarget section */
		ADE11D9425664FB8007625F2 /* Honey */ = {
			isa = PBXNativeTarget;
			buildConfigurationList = ADE11DBA25664FB9007625F2 /* Build configuration list for PBXNativeTarget "Honey" */;
			buildPhases = (
				ADE11D9125664FB8007625F2 /* Sources */,
				ADE11D9225664FB8007625F2 /* Frameworks */,
				ADE11D9325664FB8007625F2 /* Resources */,
			);
			buildRules = (
			);
			dependencies = (
			);
			name = Honey;
			productName = Honey;
			productReference = ADE11D9525664FB8007625F2 /* Honey.app */;
			productType = "com.apple.product-type.application";
		};
		ADE11DA525664FB9007625F2 /* HoneyTests */ = {
			isa = PBXNativeTarget;
			buildConfigurationList = ADE11DBD25664FB9007625F2 /* Build configuration list for PBXNativeTarget "HoneyTests" */;
			buildPhases = (
				ADE11DA225664FB9007625F2 /* Sources */,
				ADE11DA325664FB9007625F2 /* Frameworks */,
				ADE11DA425664FB9007625F2 /* Resources */,
			);
			buildRules = (
			);
			dependencies = (
				ADE11DA825664FB9007625F2 /* PBXTargetDependency */,
			);
			name = HoneyTests;
			productName = HoneyTests;
			productReference = ADE11DA625664FB9007625F2 /* HoneyTests.xctest */;
			productType = "com.apple.product-type.bundle.unit-test";
		};
		ADE11DB025664FB9007625F2 /* HoneyUITests */ = {
			isa = PBXNativeTarget;
			buildConfigurationList = ADE11DC025664FB9007625F2 /* Build configuration list for PBXNativeTarget "HoneyUITests" */;
			buildPhases = (
				ADE11DAD25664FB9007625F2 /* Sources */,
				ADE11DAE25664FB9007625F2 /* Frameworks */,
				ADE11DAF25664FB9007625F2 /* Resources */,
			);
			buildRules = (
			);
			dependencies = (
				ADE11DB325664FB9007625F2 /* PBXTargetDependency */,
			);
			name = HoneyUITests;
			productName = HoneyUITests;
			productReference = ADE11DB125664FB9007625F2 /* HoneyUITests.xctest */;
			productType = "com.apple.product-type.bundle.ui-testing";
		};
/* End PBXNativeTarget section */

/* Begin PBXProject section */
		ADE11D8D25664FB8007625F2 /* Project object */ = {
			isa = PBXProject;
			attributes = {
				LastSwiftUpdateCheck = 1210;
				LastUpgradeCheck = 1210;
				TargetAttributes = {
					ADE11D9425664FB8007625F2 = {
						CreatedOnToolsVersion = 12.1;
					};
					ADE11DA525664FB9007625F2 = {
						CreatedOnToolsVersion = 12.1;
						TestTargetID = ADE11D9425664FB8007625F2;
					};
					ADE11DB025664FB9007625F2 = {
						CreatedOnToolsVersion = 12.1;
						TestTargetID = ADE11D9425664FB8007625F2;
					};
				};
			};
			buildConfigurationList = ADE11D9025664FB8007625F2 /* Build configuration list for PBXProject "Honey" */;
			compatibilityVersion = "Xcode 9.3";
			developmentRegion = en;
			hasScannedForEncodings = 0;
			knownRegions = (
				en,
				Base,
			);
			mainGroup = ADE11D8C25664FB8007625F2;
			productRefGroup = ADE11D9625664FB8007625F2 /* Products */;
			projectDirPath = "";
			projectRoot = "";
			targets = (
				ADE11D9425664FB8007625F2 /* Honey */,
				ADE11DA525664FB9007625F2 /* HoneyTests */,
				ADE11DB025664FB9007625F2 /* HoneyUITests */,
			);
		};
/* End PBXProject section */

/* Begin PBXResourcesBuildPhase section */
		ADE11D9325664FB8007625F2 /* Resources */ = {
			isa = PBXResourcesBuildPhase;
			buildActionMask = 2147483647;
			files = (
				ADE11DA025664FB9007625F2 /* Preview Assets.xcassets in Resources */,
				ADE11D9D25664FB9007625F2 /* Assets.xcassets in Resources */,
			);
			runOnlyForDeploymentPostprocessing = 0;
		};
		ADE11DA425664FB9007625F2 /* Resources */ = {
			isa = PBXResourcesBuildPhase;
			buildActionMask = 2147483647;
			files = (
			);
			runOnlyForDeploymentPostprocessing = 0;
		};
		ADE11DAF25664FB9007625F2 /* Resources */ = {
			isa = PBXResourcesBuildPhase;
			buildActionMask = 2147483647;
			files = (
			);
			runOnlyForDeploymentPostprocessing = 0;
		};
/* End PBXResourcesBuildPhase section */

/* Begin PBXSourcesBuildPhase section */
		ADE11D9125664FB8007625F2 /* Sources */ = {
			isa = PBXSourcesBuildPhase;
			buildActionMask = 2147483647;
			files = (
				ADE11D9B25664FB8007625F2 /* ContentView.swift in Sources */,
				ADE11D9925664FB8007625F2 /* HoneyApp.swift in Sources */,
			);
			runOnlyForDeploymentPostprocessing = 0;
		};
		ADE11DA225664FB9007625F2 /* Sources */ = {
			isa = PBXSourcesBuildPhase;
			buildActionMask = 2147483647;
			files = (
				ADE11DAB25664FB9007625F2 /* HoneyTests.swift in Sources */,
			);
			runOnlyForDeploymentPostprocessing = 0;
		};
		ADE11DAD25664FB9007625F2 /* Sources */ = {
			isa = PBXSourcesBuildPhase;
			buildActionMask = 2147483647;
			files = (
				ADE11DB625664FB9007625F2 /* HoneyUITests.swift in Sources */,
			);
			runOnlyForDeploymentPostprocessing = 0;
		};
/* End PBXSourcesBuildPhase section */

/* Begin PBXTargetDependency section */
		ADE11DA825664FB9007625F2 /* PBXTargetDependency */ = {
			isa = PBXTargetDependency;
			target = ADE11D9425664FB8007625F2 /* Honey */;
			targetProxy = ADE11DA725664FB9007625F2 /* PBXContainerItemProxy */;
		};
		ADE11DB325664FB9007625F2 /* PBXTargetDependency */ = {
			isa = PBXTargetDependency;
			target = ADE11D9425664FB8007625F2 /* Honey */;
			targetProxy = ADE11DB225664FB9007625F2 /* PBXContainerItemProxy */;
		};
/* End PBXTargetDependency section */

/* Begin XCBuildConfiguration section */
		ADE11DB825664FB9007625F2 /* Debug */ = {
			isa = XCBuildConfiguration;
			buildSettings = {
				ALWAYS_SEARCH_USER_PATHS = NO;
				CLANG_ANALYZER_NONNULL = YES;
				CLANG_ANALYZER_NUMBER_OBJECT_CONVERSION = YES_AGGRESSIVE;
				CLANG_CXX_LANGUAGE_STANDARD = "gnu++14";
				CLANG_CXX_LIBRARY = "libc++";
				CLANG_ENABLE_MODULES = YES;
				CLANG_ENABLE_OBJC_ARC = YES;
				CLANG_ENABLE_OBJC_WEAK = YES;
				CLANG_WARN_BLOCK_CAPTURE_AUTORELEASING = YES;
				CLANG_WARN_BOOL_CONVERSION = YES;
				CLANG_WARN_COMMA = YES;
				CLANG_WARN_CONSTANT_CONVERSION = YES;
				CLANG_WARN_DEPRECATED_OBJC_IMPLEMENTATIONS = YES;
				CLANG_WARN_DIRECT_OBJC_ISA_USAGE = YES_ERROR;
				CLANG_WARN_DOCUMENTATION_COMMENTS = YES;
				CLANG_WARN_EMPTY_BODY = YES;
				CLANG_WARN_ENUM_CONVERSION = YES;
				CLANG_WARN_INFINITE_RECURSION = YES;
				CLANG_WARN_INT_CONVERSION = YES;
				CLANG_WARN_NON_LITERAL_NULL_CONVERSION = YES;
				CLANG_WARN_OBJC_IMPLICIT_RETAIN_SELF = YES;
				CLANG_WARN_OBJC_LITERAL_CONVERSION = YES;
				CLANG_WARN_OBJC_ROOT_CLASS = YES_ERROR;
				CLANG_WARN_QUOTED_INCLUDE_IN_FRAMEWORK_HEADER = YES;
				CLANG_WARN_RANGE_LOOP_ANALYSIS = YES;
				CLANG_WARN_STRICT_PROTOTYPES = YES;
				CLANG_WARN_SUSPICIOUS_MOVE = YES;
				CLANG_WARN_UNGUARDED_AVAILABILITY = YES_AGGRESSIVE;
				CLANG_WARN_UNREACHABLE_CODE = YES;
				CLANG_WARN__DUPLICATE_METHOD_MATCH = YES;
				COPY_PHASE_STRIP = NO;
				DEBUG_INFORMATION_FORMAT = dwarf;
				ENABLE_STRICT_OBJC_MSGSEND = YES;
				ENABLE_TESTABILITY = YES;
				GCC_C_LANGUAGE_STANDARD = gnu11;
				GCC_DYNAMIC_NO_PIC = NO;
				GCC_NO_COMMON_BLOCKS = YES;
				GCC_OPTIMIZATION_LEVEL = 0;
				GCC_PREPROCESSOR_DEFINITIONS = (
					"DEBUG=1",
					"$(inherited)",
				);
				GCC_WARN_64_TO_32_BIT_CONVERSION = YES;
				GCC_WARN_ABOUT_RETURN_TYPE = YES_ERROR;
				GCC_WARN_UNDECLARED_SELECTOR = YES;
				GCC_WARN_UNINITIALIZED_AUTOS = YES_AGGRESSIVE;
				GCC_WARN_UNUSED_FUNCTION = YES;
				GCC_WARN_UNUSED_VARIABLE = YES;
				IPHONEOS_DEPLOYMENT_TARGET = 14.1;
				MTL_ENABLE_DEBUG_INFO = INCLUDE_SOURCE;
				MTL_FAST_MATH = YES;
				ONLY_ACTIVE_ARCH = YES;
				SDKROOT = iphoneos;
				SWIFT_ACTIVE_COMPILATION_CONDITIONS = DEBUG;
				SWIFT_OPTIMIZATION_LEVEL = "-Onone";
			};
			name = Debug;
		};
		ADE11DB925664FB9007625F2 /* Release */ = {
			isa = XCBuildConfiguration;
			buildSettings = {
				ALWAYS_SEARCH_USER_PATHS = NO;
				CLANG_ANALYZER_NONNULL = YES;
				CLANG_ANALYZER_NUMBER_OBJECT_CONVERSION = YES_AGGRESSIVE;
				CLANG_CXX_LANGUAGE_STANDARD = "gnu++14";
				CLANG_CXX_LIBRARY = "libc++";
				CLANG_ENABLE_MODULES = YES;
				CLANG_ENABLE_OBJC_ARC = YES;
				CLANG_ENABLE_OBJC_WEAK = YES;
				CLANG_WARN_BLOCK_CAPTURE_AUTORELEASING = YES;
				CLANG_WARN_BOOL_CONVERSION = YES;
				CLANG_WARN_COMMA = YES;
				CLANG_WARN_CONSTANT_CONVERSION = YES;
				CLANG_WARN_DEPRECATED_OBJC_IMPLEMENTATIONS = YES;
				CLANG_WARN_DIRECT_OBJC_ISA_USAGE = YES_ERROR;
				CLANG_WARN_DOCUMENTATION_COMMENTS = YES;
				CLANG_WARN_EMPTY_BODY = YES;
				CLANG_WARN_ENUM_CONVERSION = YES;
				CLANG_WARN_INFINITE_RECURSION = YES;
				CLANG_WARN_INT_CONVERSION = YES;
				CLANG_WARN_NON_LITERAL_NULL_CONVERSION = YES;
				CLANG_WARN_OBJC_IMPLICIT_RETAIN_SELF = YES;
				CLANG_WARN_OBJC_LITERAL_CONVERSION = YES;
				CLANG_WARN_OBJC_ROOT_CLASS = YES_ERROR;
				CLANG_WARN_QUOTED_INCLUDE_IN_FRAMEWORK_HEADER = YES;
				CLANG_WARN_RANGE_LOOP_ANALYSIS = YES;
				CLANG_WARN_STRICT_PROTOTYPES = YES;
				CLANG_WARN_SUSPICIOUS_MOVE = YES;
				CLANG_WARN_UNGUARDED_AVAILABILITY = YES_AGGRESSIVE;
				CLANG_WARN_UNREACHABLE_CODE = YES;
				CLANG_WARN__DUPLICATE_METHOD_MATCH = YES;
				COPY_PHASE_STRIP = NO;
				DEBUG_INFORMATION_FORMAT = "dwarf-with-dsym";
				ENABLE_NS_ASSERTIONS = NO;
				ENABLE_STRICT_OBJC_MSGSEND = YES;
				GCC_C_LANGUAGE_STANDARD = gnu11;
				GCC_NO_COMMON_BLOCKS = YES;
				GCC_WARN_64_TO_32_BIT_CONVERSION = YES;
				GCC_WARN_ABOUT_RETURN_TYPE = YES_ERROR;
				GCC_WARN_UNDECLARED_SELECTOR = YES;
				GCC_WARN_UNINITIALIZED_AUTOS = YES_AGGRESSIVE;
				GCC_WARN_UNUSED_FUNCTION = YES;
				GCC_WARN_UNUSED_VARIABLE = YES;
				IPHONEOS_DEPLOYMENT_TARGET = 14.1;
				MTL_ENABLE_DEBUG_INFO = NO;
				MTL_FAST_MATH = YES;
				SDKROOT = iphoneos;
				SWIFT_COMPILATION_MODE = wholemodule;
				SWIFT_OPTIMIZATION_LEVEL = "-O";
				VALIDATE_PRODUCT = YES;
			};
			name = Release;
		};
		ADE11DBB25664FB9007625F2 /* Debug */ = {
			isa = XCBuildConfiguration;
			buildSettings = {
				ASSETCATALOG_COMPILER_APPICON_NAME = AppIcon;
				ASSETCATALOG_COMPILER_GLOBAL_ACCENT_COLOR_NAME = AccentColor;
				CODE_SIGN_STYLE = Automatic;
				DEVELOPMENT_ASSET_PATHS = "\"Honey/Preview Content\"";
				ENABLE_PREVIEWS = YES;
				INFOPLIST_FILE = Honey/Info.plist;
				IPHONEOS_DEPLOYMENT_TARGET = 14.0;
				LD_RUNPATH_SEARCH_PATHS = (
					"$(inherited)",
					"@executable_path/Frameworks",
				);
				PRODUCT_BUNDLE_IDENTIFIER = com.kavsoft.Honey;
				PRODUCT_NAME = "$(TARGET_NAME)";
				SWIFT_VERSION = 5.0;
				TARGETED_DEVICE_FAMILY = "1,2";
			};
			name = Debug;
		};
		ADE11DBC25664FB9007625F2 /* Release */ = {
			isa = XCBuildConfiguration;
			buildSettings = {
				ASSETCATALOG_COMPILER_APPICON_NAME = AppIcon;
				ASSETCATALOG_COMPILER_GLOBAL_ACCENT_COLOR_NAME = AccentColor;
				CODE_SIGN_STYLE = Automatic;
				DEVELOPMENT_ASSET_PATHS = "\"Honey/Preview Content\"";
				ENABLE_PREVIEWS = YES;
				INFOPLIST_FILE = Honey/Info.plist;
				IPHONEOS_DEPLOYMENT_TARGET = 14.0;
				LD_RUNPATH_SEARCH_PATHS = (
					"$(inherited)",
					"@executable_path/Frameworks",
				);
				PRODUCT_BUNDLE_IDENTIFIER = com.kavsoft.Honey;
				PRODUCT_NAME = "$(TARGET_NAME)";
				SWIFT_VERSION = 5.0;
				TARGETED_DEVICE_FAMILY = "1,2";
			};
			name = Release;
		};
		ADE11DBE25664FB9007625F2 /* Debug */ = {
			isa = XCBuildConfiguration;
			buildSettings = {
				ALWAYS_EMBED_SWIFT_STANDARD_LIBRARIES = YES;
				BUNDLE_LOADER = "$(TEST_HOST)";
				CODE_SIGN_STYLE = Automatic;
				INFOPLIST_FILE = HoneyTests/Info.plist;
				IPHONEOS_DEPLOYMENT_TARGET = 14.0;
				LD_RUNPATH_SEARCH_PATHS = (
					"$(inherited)",
					"@executable_path/Frameworks",
					"@loader_path/Frameworks",
				);
				PRODUCT_BUNDLE_IDENTIFIER = com.kavsoft.HoneyTests;
				PRODUCT_NAME = "$(TARGET_NAME)";
				SWIFT_VERSION = 5.0;
				TARGETED_DEVICE_FAMILY = "1,2";
				TEST_HOST = "$(BUILT_PRODUCTS_DIR)/Honey.app/Honey";
			};
			name = Debug;
		};
		ADE11DBF25664FB9007625F2 /* Release */ = {
			isa = XCBuildConfiguration;
			buildSettings = {
				ALWAYS_EMBED_SWIFT_STANDARD_LIBRARIES = YES;
				BUNDLE_LOADER = "$(TEST_HOST)";
				CODE_SIGN_STYLE = Automatic;
				INFOPLIST_FILE = HoneyTests/Info.plist;
				IPHONEOS_DEPLOYMENT_TARGET = 14.0;
				LD_RUNPATH_SEARCH_PATHS = (
					"$(inherited)",
					"@executable_path/Frameworks",
					"@loader_path/Frameworks",
				);
				PRODUCT_BUNDLE_IDENTIFIER = com.kavsoft.HoneyTests;
				PRODUCT_NAME = "$(TARGET_NAME)";
				SWIFT_VERSION = 5.0;
				TARGETED_DEVICE_FAMILY = "1,2";
				TEST_HOST = "$(BUILT_PRODUCTS_DIR)/Honey.app/Honey";
			};
			name = Release;
		};
		ADE11DC125664FB9007625F2 /* Debug */ = {
			isa = XCBuildConfiguration;
			buildSettings = {
				ALWAYS_EMBED_SWIFT_STANDARD_LIBRARIES = YES;
				CODE_SIGN_STYLE = Automatic;
				INFOPLIST_FILE = HoneyUITests/Info.plist;
				LD_RUNPATH_SEARCH_PATHS = (
					"$(inherited)",
					"@executable_path/Frameworks",
					"@loader_path/Frameworks",
				);
				PRODUCT_BUNDLE_IDENTIFIER = com.kavsoft.HoneyUITests;
				PRODUCT_NAME = "$(TARGET_NAME)";
				SWIFT_VERSION = 5.0;
				TARGETED_DEVICE_FAMILY = "1,2";
				TEST_TARGET_NAME = Honey;
			};
			name = Debug;
		};
		ADE11DC225664FB9007625F2 /* Release */ = {
			isa = XCBuildConfiguration;
			buildSettings = {
				ALWAYS_EMBED_SWIFT_STANDARD_LIBRARIES = YES;
				CODE_SIGN_STYLE = Automatic;
				INFOPLIST_FILE = HoneyUITests/Info.plist;
				LD_RUNPATH_SEARCH_PATHS = (
					"$(inherited)",
					"@executable_path/Frameworks",
					"@loader_path/Frameworks",
				);
				PRODUCT_BUNDLE_IDENTIFIER = com.kavsoft.HoneyUITests;
				PRODUCT_NAME = "$(TARGET_NAME)";
				SWIFT_VERSION = 5.0;
				TARGETED_DEVICE_FAMILY = "1,2";
				TEST_TARGET_NAME = Honey;
			};
			name = Release;
		};
/* End XCBuildConfiguration section */

/* Begin XCConfigurationList section */
		ADE11D9025664FB8007625F2 /* Build configuration list for PBXProject "Honey" */ = {
			isa = XCConfigurationList;
			buildConfigurations = (
				ADE11DB825664FB9007625F2 /* Debug */,
				ADE11DB925664FB9007625F2 /* Release */,
			);
			defaultConfigurationIsVisible = 0;
			defaultConfigurationName = Release;
		};
		ADE11DBA25664FB9007625F2 /* Build configuration list for PBXNativeTarget "Honey" */ = {
			isa = XCConfigurationList;
			buildConfigurations = (
				ADE11DBB25664FB9007625F2 /* Debug */,
				ADE11DBC25664FB9007625F2 /* Release */,
			);
			defaultConfigurationIsVisible = 0;
			defaultConfigurationName = Release;
		};
		ADE11DBD25664FB9007625F2 /* Build configuration list for PBXNativeTarget "HoneyTests" */ = {
			isa = XCConfigurationList;
			buildConfigurations = (
				ADE11DBE25664FB9007625F2 /* Debug */,
				ADE11DBF25664FB9007625F2 /* Release */,
			);
			defaultConfigurationIsVisible = 0;
			defaultConfigurationName = Release;
		};
		ADE11DC025664FB9007625F2 /* Build configuration list for PBXNativeTarget "HoneyUITests" */ = {
			isa = XCConfigurationList;
			buildConfigurations = (
				ADE11DC125664FB9007625F2 /* Debug */,
				ADE11DC225664FB9007625F2 /* Release */,
			);
			defaultConfigurationIsVisible = 0;
			defaultConfigurationName = Release;
		};
/* End XCConfigurationList section */
	};
	rootObject = ADE11D8D25664FB8007625F2 /* Project object */;
}
