// !$*UTF8*$!
{
	archiveVersion = 1;
	classes = {
	};
	objectVersion = 50;
	objects = {

/* Begin PBXBuildFile section */
		ADAC127A24C616A000DE160B /* FilledApp.swift in Sources */ = {isa = PBXBuildFile; fileRef = ADAC127924C616A000DE160B /* FilledApp.swift */; };
		ADAC127C24C616A000DE160B /* ContentView.swift in Sources */ = {isa = PBXBuildFile; fileRef = ADAC127B24C616A000DE160B /* ContentView.swift */; };
		ADAC127E24C616A300DE160B /* Assets.xcassets in Resources */ = {isa = PBXBuildFile; fileRef = ADAC127D24C616A300DE160B /* Assets.xcassets */; };
		ADAC128124C616A300DE160B /* Preview Assets.xcassets in Resources */ = {isa = PBXBuildFile; fileRef = ADAC128024C616A300DE160B /* Preview Assets.xcassets */; };
		ADAC128C24C616A400DE160B /* FilledTests.swift in Sources */ = {isa = PBXBuildFile; fileRef = ADAC128B24C616A400DE160B /* FilledTests.swift */; };
		ADAC129724C616A400DE160B /* FilledUITests.swift in Sources */ = {isa = PBXBuildFile; fileRef = ADAC129624C616A400DE160B /* FilledUITests.swift */; };
/* End PBXBuildFile section */

/* Begin PBXContainerItemProxy section */
		ADAC128824C616A400DE160B /* PBXContainerItemProxy */ = {
			isa = PBXContainerItemProxy;
			containerPortal = ADAC126E24C616A000DE160B /* Project object */;
			proxyType = 1;
			remoteGlobalIDString = ADAC127524C616A000DE160B;
			remoteInfo = Filled;
		};
		ADAC129324C616A400DE160B /* PBXContainerItemProxy */ = {
			isa = PBXContainerItemProxy;
			containerPortal = ADAC126E24C616A000DE160B /* Project object */;
			proxyType = 1;
			remoteGlobalIDString = ADAC127524C616A000DE160B;
			remoteInfo = Filled;
		};
/* End PBXContainerItemProxy section */

/* Begin PBXFileReference section */
		ADAC127624C616A000DE160B /* Filled.app */ = {isa = PBXFileReference; explicitFileType = wrapper.application; includeInIndex = 0; path = Filled.app; sourceTree = BUILT_PRODUCTS_DIR; };
		ADAC127924C616A000DE160B /* FilledApp.swift */ = {isa = PBXFileReference; lastKnownFileType = sourcecode.swift; path = FilledApp.swift; sourceTree = "<group>"; };
		ADAC127B24C616A000DE160B /* ContentView.swift */ = {isa = PBXFileReference; lastKnownFileType = sourcecode.swift; path = ContentView.swift; sourceTree = "<group>"; };
		ADAC127D24C616A300DE160B /* Assets.xcassets */ = {isa = PBXFileReference; lastKnownFileType = folder.assetcatalog; path = Assets.xcassets; sourceTree = "<group>"; };
		ADAC128024C616A300DE160B /* Preview Assets.xcassets */ = {isa = PBXFileReference; lastKnownFileType = folder.assetcatalog; path = "Preview Assets.xcassets"; sourceTree = "<group>"; };
		ADAC128224C616A300DE160B /* Info.plist */ = {isa = PBXFileReference; lastKnownFileType = text.plist.xml; path = Info.plist; sourceTree = "<group>"; };
		ADAC128724C616A400DE160B /* FilledTests.xctest */ = {isa = PBXFileReference; explicitFileType = wrapper.cfbundle; includeInIndex = 0; path = FilledTests.xctest; sourceTree = BUILT_PRODUCTS_DIR; };
		ADAC128B24C616A400DE160B /* FilledTests.swift */ = {isa = PBXFileReference; lastKnownFileType = sourcecode.swift; path = FilledTests.swift; sourceTree = "<group>"; };
		ADAC128D24C616A400DE160B /* Info.plist */ = {isa = PBXFileReference; lastKnownFileType = text.plist.xml; path = Info.plist; sourceTree = "<group>"; };
		ADAC129224C616A400DE160B /* FilledUITests.xctest */ = {isa = PBXFileReference; explicitFileType = wrapper.cfbundle; includeInIndex = 0; path = FilledUITests.xctest; sourceTree = BUILT_PRODUCTS_DIR; };
		ADAC129624C616A400DE160B /* FilledUITests.swift */ = {isa = PBXFileReference; lastKnownFileType = sourcecode.swift; path = FilledUITests.swift; sourceTree = "<group>"; };
		ADAC129824C616A400DE160B /* Info.plist */ = {isa = PBXFileReference; lastKnownFileType = text.plist.xml; path = Info.plist; sourceTree = "<group>"; };
/* End PBXFileReference section */

/* Begin PBXFrameworksBuildPhase section */
		ADAC127324C616A000DE160B /* Frameworks */ = {
			isa = PBXFrameworksBuildPhase;
			buildActionMask = 2147483647;
			files = (
			);
			runOnlyForDeploymentPostprocessing = 0;
		};
		ADAC128424C616A400DE160B /* Frameworks */ = {
			isa = PBXFrameworksBuildPhase;
			buildActionMask = 2147483647;
			files = (
			);
			runOnlyForDeploymentPostprocessing = 0;
		};
		ADAC128F24C616A400DE160B /* Frameworks */ = {
			isa = PBXFrameworksBuildPhase;
			buildActionMask = 2147483647;
			files = (
			);
			runOnlyForDeploymentPostprocessing = 0;
		};
/* End PBXFrameworksBuildPhase section */

/* Begin PBXGroup section */
		ADAC126D24C616A000DE160B = {
			isa = PBXGroup;
			children = (
				ADAC127824C616A000DE160B /* Filled */,
				ADAC128A24C616A400DE160B /* FilledTests */,
				ADAC129524C616A400DE160B /* FilledUITests */,
				ADAC127724C616A000DE160B /* Products */,
			);
			sourceTree = "<group>";
		};
		ADAC127724C616A000DE160B /* Products */ = {
			isa = PBXGroup;
			children = (
				ADAC127624C616A000DE160B /* Filled.app */,
				ADAC128724C616A400DE160B /* FilledTests.xctest */,
				ADAC129224C616A400DE160B /* FilledUITests.xctest */,
			);
			name = Products;
			sourceTree = "<group>";
		};
		ADAC127824C616A000DE160B /* Filled */ = {
			isa = PBXGroup;
			children = (
				ADAC127924C616A000DE160B /* FilledApp.swift */,
				ADAC127B24C616A000DE160B /* ContentView.swift */,
				ADAC127D24C616A300DE160B /* Assets.xcassets */,
				ADAC128224C616A300DE160B /* Info.plist */,
				ADAC127F24C616A300DE160B /* Preview Content */,
			);
			path = Filled;
			sourceTree = "<group>";
		};
		ADAC127F24C616A300DE160B /* Preview Content */ = {
			isa = PBXGroup;
			children = (
				ADAC128024C616A300DE160B /* Preview Assets.xcassets */,
			);
			path = "Preview Content";
			sourceTree = "<group>";
		};
		ADAC128A24C616A400DE160B /* FilledTests */ = {
			isa = PBXGroup;
			children = (
				ADAC128B24C616A400DE160B /* FilledTests.swift */,
				ADAC128D24C616A400DE160B /* Info.plist */,
			);
			path = FilledTests;
			sourceTree = "<group>";
		};
		ADAC129524C616A400DE160B /* FilledUITests */ = {
			isa = PBXGroup;
			children = (
				ADAC129624C616A400DE160B /* FilledUITests.swift */,
				ADAC129824C616A400DE160B /* Info.plist */,
			);
			path = FilledUITests;
			sourceTree = "<group>";
		};
/* End PBXGroup section */

/* Begin PBXNativeTarget section */
		ADAC127524C616A000DE160B /* Filled */ = {
			isa = PBXNativeTarget;
			buildConfigurationList = ADAC129B24C616A400DE160B /* Build configuration list for PBXNativeTarget "Filled" */;
			buildPhases = (
				ADAC127224C616A000DE160B /* Sources */,
				ADAC127324C616A000DE160B /* Frameworks */,
				ADAC127424C616A000DE160B /* Resources */,
			);
			buildRules = (
			);
			dependencies = (
			);
			name = Filled;
			productName = Filled;
			productReference = ADAC127624C616A000DE160B /* Filled.app */;
			productType = "com.apple.product-type.application";
		};
		ADAC128624C616A400DE160B /* FilledTests */ = {
			isa = PBXNativeTarget;
			buildConfigurationList = ADAC129E24C616A400DE160B /* Build configuration list for PBXNativeTarget "FilledTests" */;
			buildPhases = (
				ADAC128324C616A400DE160B /* Sources */,
				ADAC128424C616A400DE160B /* Frameworks */,
				ADAC128524C616A400DE160B /* Resources */,
			);
			buildRules = (
			);
			dependencies = (
				ADAC128924C616A400DE160B /* PBXTargetDependency */,
			);
			name = FilledTests;
			productName = FilledTests;
			productReference = ADAC128724C616A400DE160B /* FilledTests.xctest */;
			productType = "com.apple.product-type.bundle.unit-test";
		};
		ADAC129124C616A400DE160B /* FilledUITests */ = {
			isa = PBXNativeTarget;
			buildConfigurationList = ADAC12A124C616A400DE160B /* Build configuration list for PBXNativeTarget "FilledUITests" */;
			buildPhases = (
				ADAC128E24C616A400DE160B /* Sources */,
				ADAC128F24C616A400DE160B /* Frameworks */,
				ADAC129024C616A400DE160B /* Resources */,
			);
			buildRules = (
			);
			dependencies = (
				ADAC129424C616A400DE160B /* PBXTargetDependency */,
			);
			name = FilledUITests;
			productName = FilledUITests;
			productReference = ADAC129224C616A400DE160B /* FilledUITests.xctest */;
			productType = "com.apple.product-type.bundle.ui-testing";
		};
/* End PBXNativeTarget section */

/* Begin PBXProject section */
		ADAC126E24C616A000DE160B /* Project object */ = {
			isa = PBXProject;
			attributes = {
				LastSwiftUpdateCheck = 1200;
				LastUpgradeCheck = 1200;
				TargetAttributes = {
					ADAC127524C616A000DE160B = {
						CreatedOnToolsVersion = 12.0;
					};
					ADAC128624C616A400DE160B = {
						CreatedOnToolsVersion = 12.0;
						TestTargetID = ADAC127524C616A000DE160B;
					};
					ADAC129124C616A400DE160B = {
						CreatedOnToolsVersion = 12.0;
						TestTargetID = ADAC127524C616A000DE160B;
					};
				};
			};
			buildConfigurationList = ADAC127124C616A000DE160B /* Build configuration list for PBXProject "Filled" */;
			compatibilityVersion = "Xcode 9.3";
			developmentRegion = en;
			hasScannedForEncodings = 0;
			knownRegions = (
				en,
				Base,
			);
			mainGroup = ADAC126D24C616A000DE160B;
			productRefGroup = ADAC127724C616A000DE160B /* Products */;
			projectDirPath = "";
			projectRoot = "";
			targets = (
				ADAC127524C616A000DE160B /* Filled */,
				ADAC128624C616A400DE160B /* FilledTests */,
				ADAC129124C616A400DE160B /* FilledUITests */,
			);
		};
/* End PBXProject section */

/* Begin PBXResourcesBuildPhase section */
		ADAC127424C616A000DE160B /* Resources */ = {
			isa = PBXResourcesBuildPhase;
			buildActionMask = 2147483647;
			files = (
				ADAC128124C616A300DE160B /* Preview Assets.xcassets in Resources */,
				ADAC127E24C616A300DE160B /* Assets.xcassets in Resources */,
			);
			runOnlyForDeploymentPostprocessing = 0;
		};
		ADAC128524C616A400DE160B /* Resources */ = {
			isa = PBXResourcesBuildPhase;
			buildActionMask = 2147483647;
			files = (
			);
			runOnlyForDeploymentPostprocessing = 0;
		};
		ADAC129024C616A400DE160B /* Resources */ = {
			isa = PBXResourcesBuildPhase;
			buildActionMask = 2147483647;
			files = (
			);
			runOnlyForDeploymentPostprocessing = 0;
		};
/* End PBXResourcesBuildPhase section */

/* Begin PBXSourcesBuildPhase section */
		ADAC127224C616A000DE160B /* Sources */ = {
			isa = PBXSourcesBuildPhase;
			buildActionMask = 2147483647;
			files = (
				ADAC127C24C616A000DE160B /* ContentView.swift in Sources */,
				ADAC127A24C616A000DE160B /* FilledApp.swift in Sources */,
			);
			runOnlyForDeploymentPostprocessing = 0;
		};
		ADAC128324C616A400DE160B /* Sources */ = {
			isa = PBXSourcesBuildPhase;
			buildActionMask = 2147483647;
			files = (
				ADAC128C24C616A400DE160B /* FilledTests.swift in Sources */,
			);
			runOnlyForDeploymentPostprocessing = 0;
		};
		ADAC128E24C616A400DE160B /* Sources */ = {
			isa = PBXSourcesBuildPhase;
			buildActionMask = 2147483647;
			files = (
				ADAC129724C616A400DE160B /* FilledUITests.swift in Sources */,
			);
			runOnlyForDeploymentPostprocessing = 0;
		};
/* End PBXSourcesBuildPhase section */

/* Begin PBXTargetDependency section */
		ADAC128924C616A400DE160B /* PBXTargetDependency */ = {
			isa = PBXTargetDependency;
			target = ADAC127524C616A000DE160B /* Filled */;
			targetProxy = ADAC128824C616A400DE160B /* PBXContainerItemProxy */;
		};
		ADAC129424C616A400DE160B /* PBXTargetDependency */ = {
			isa = PBXTargetDependency;
			target = ADAC127524C616A000DE160B /* Filled */;
			targetProxy = ADAC129324C616A400DE160B /* PBXContainerItemProxy */;
		};
/* End PBXTargetDependency section */

/* Begin XCBuildConfiguration section */
		ADAC129924C616A400DE160B /* Debug */ = {
			isa = XCBuildConfiguration;
			buildSettings = {
				ALWAYS_SEARCH_USER_PATHS = NO;
				CLANG_ANALYZER_NONNULL = YES;
				CLANG_ANALYZER_NUMBER_OBJECT_CONVERSION = YES_AGGRESSIVE;
				CLANG_CXX_LANGUAGE_STANDARD = "gnu++14";
				CLANG_CXX_LIBRARY = "libc++";
				CLANG_ENABLE_MODULES = YES;
				CLANG_ENABLE_OBJC_ARC = YES;
				CLANG_ENABLE_OBJC_WEAK = YES;
				CLANG_WARN_BLOCK_CAPTURE_AUTORELEASING = YES;
				CLANG_WARN_BOOL_CONVERSION = YES;
				CLANG_WARN_COMMA = YES;
				CLANG_WARN_CONSTANT_CONVERSION = YES;
				CLANG_WARN_DEPRECATED_OBJC_IMPLEMENTATIONS = YES;
				CLANG_WARN_DIRECT_OBJC_ISA_USAGE = YES_ERROR;
				CLANG_WARN_DOCUMENTATION_COMMENTS = YES;
				CLANG_WARN_EMPTY_BODY = YES;
				CLANG_WARN_ENUM_CONVERSION = YES;
				CLANG_WARN_INFINITE_RECURSION = YES;
				CLANG_WARN_INT_CONVERSION = YES;
				CLANG_WARN_NON_LITERAL_NULL_CONVERSION = YES;
				CLANG_WARN_OBJC_IMPLICIT_RETAIN_SELF = YES;
				CLANG_WARN_OBJC_LITERAL_CONVERSION = YES;
				CLANG_WARN_OBJC_ROOT_CLASS = YES_ERROR;
				CLANG_WARN_QUOTED_INCLUDE_IN_FRAMEWORK_HEADER = YES;
				CLANG_WARN_RANGE_LOOP_ANALYSIS = YES;
				CLANG_WARN_STRICT_PROTOTYPES = YES;
				CLANG_WARN_SUSPICIOUS_MOVE = YES;
				CLANG_WARN_UNGUARDED_AVAILABILITY = YES_AGGRESSIVE;
				CLANG_WARN_UNREACHABLE_CODE = YES;
				CLANG_WARN__DUPLICATE_METHOD_MATCH = YES;
				COPY_PHASE_STRIP = NO;
				DEBUG_INFORMATION_FORMAT = dwarf;
				ENABLE_STRICT_OBJC_MSGSEND = YES;
				ENABLE_TESTABILITY = YES;
				GCC_C_LANGUAGE_STANDARD = gnu11;
				GCC_DYNAMIC_NO_PIC = NO;
				GCC_NO_COMMON_BLOCKS = YES;
				GCC_OPTIMIZATION_LEVEL = 0;
				GCC_PREPROCESSOR_DEFINITIONS = (
					"DEBUG=1",
					"$(inherited)",
				);
				GCC_WARN_64_TO_32_BIT_CONVERSION = YES;
				GCC_WARN_ABOUT_RETURN_TYPE = YES_ERROR;
				GCC_WARN_UNDECLARED_SELECTOR = YES;
				GCC_WARN_UNINITIALIZED_AUTOS = YES_AGGRESSIVE;
				GCC_WARN_UNUSED_FUNCTION = YES;
				GCC_WARN_UNUSED_VARIABLE = YES;
				IPHONEOS_DEPLOYMENT_TARGET = 14.0;
				MTL_ENABLE_DEBUG_INFO = INCLUDE_SOURCE;
				MTL_FAST_MATH = YES;
				ONLY_ACTIVE_ARCH = YES;
				SDKROOT = iphoneos;
				SWIFT_ACTIVE_COMPILATION_CONDITIONS = DEBUG;
				SWIFT_OPTIMIZATION_LEVEL = "-Onone";
			};
			name = Debug;
		};
		ADAC129A24C616A400DE160B /* Release */ = {
			isa = XCBuildConfiguration;
			buildSettings = {
				ALWAYS_SEARCH_USER_PATHS = NO;
				CLANG_ANALYZER_NONNULL = YES;
				CLANG_ANALYZER_NUMBER_OBJECT_CONVERSION = YES_AGGRESSIVE;
				CLANG_CXX_LANGUAGE_STANDARD = "gnu++14";
				CLANG_CXX_LIBRARY = "libc++";
				CLANG_ENABLE_MODULES = YES;
				CLANG_ENABLE_OBJC_ARC = YES;
				CLANG_ENABLE_OBJC_WEAK = YES;
				CLANG_WARN_BLOCK_CAPTURE_AUTORELEASING = YES;
				CLANG_WARN_BOOL_CONVERSION = YES;
				CLANG_WARN_COMMA = YES;
				CLANG_WARN_CONSTANT_CONVERSION = YES;
				CLANG_WARN_DEPRECATED_OBJC_IMPLEMENTATIONS = YES;
				CLANG_WARN_DIRECT_OBJC_ISA_USAGE = YES_ERROR;
				CLANG_WARN_DOCUMENTATION_COMMENTS = YES;
				CLANG_WARN_EMPTY_BODY = YES;
				CLANG_WARN_ENUM_CONVERSION = YES;
				CLANG_WARN_INFINITE_RECURSION = YES;
				CLANG_WARN_INT_CONVERSION = YES;
				CLANG_WARN_NON_LITERAL_NULL_CONVERSION = YES;
				CLANG_WARN_OBJC_IMPLICIT_RETAIN_SELF = YES;
				CLANG_WARN_OBJC_LITERAL_CONVERSION = YES;
				CLANG_WARN_OBJC_ROOT_CLASS = YES_ERROR;
				CLANG_WARN_QUOTED_INCLUDE_IN_FRAMEWORK_HEADER = YES;
				CLANG_WARN_RANGE_LOOP_ANALYSIS = YES;
				CLANG_WARN_STRICT_PROTOTYPES = YES;
				CLANG_WARN_SUSPICIOUS_MOVE = YES;
				CLANG_WARN_UNGUARDED_AVAILABILITY = YES_AGGRESSIVE;
				CLANG_WARN_UNREACHABLE_CODE = YES;
				CLANG_WARN__DUPLICATE_METHOD_MATCH = YES;
				COPY_PHASE_STRIP = NO;
				DEBUG_INFORMATION_FORMAT = "dwarf-with-dsym";
				ENABLE_NS_ASSERTIONS = NO;
				ENABLE_STRICT_OBJC_MSGSEND = YES;
				GCC_C_LANGUAGE_STANDARD = gnu11;
				GCC_NO_COMMON_BLOCKS = YES;
				GCC_WARN_64_TO_32_BIT_CONVERSION = YES;
				GCC_WARN_ABOUT_RETURN_TYPE = YES_ERROR;
				GCC_WARN_UNDECLARED_SELECTOR = YES;
				GCC_WARN_UNINITIALIZED_AUTOS = YES_AGGRESSIVE;
				GCC_WARN_UNUSED_FUNCTION = YES;
				GCC_WARN_UNUSED_VARIABLE = YES;
				IPHONEOS_DEPLOYMENT_TARGET = 14.0;
				MTL_ENABLE_DEBUG_INFO = NO;
				MTL_FAST_MATH = YES;
				SDKROOT = iphoneos;
				SWIFT_COMPILATION_MODE = wholemodule;
				SWIFT_OPTIMIZATION_LEVEL = "-O";
				VALIDATE_PRODUCT = YES;
			};
			name = Release;
		};
		ADAC129C24C616A400DE160B /* Debug */ = {
			isa = XCBuildConfiguration;
			buildSettings = {
				ASSETCATALOG_COMPILER_APPICON_NAME = AppIcon;
				ASSETCATALOG_COMPILER_GLOBAL_ACCENT_COLOR_NAME = AccentColor;
				CODE_SIGN_STYLE = Automatic;
				DEVELOPMENT_ASSET_PATHS = "\"Filled/Preview Content\"";
				ENABLE_PREVIEWS = YES;
				INFOPLIST_FILE = Filled/Info.plist;
				IPHONEOS_DEPLOYMENT_TARGET = 14.0;
				LD_RUNPATH_SEARCH_PATHS = (
					"$(inherited)",
					"@executable_path/Frameworks",
				);
				PRODUCT_BUNDLE_IDENTIFIER = com.kavsoft.Filled;
				PRODUCT_NAME = "$(TARGET_NAME)";
				SWIFT_VERSION = 5.0;
				TARGETED_DEVICE_FAMILY = "1,2";
			};
			name = Debug;
		};
		ADAC129D24C616A400DE160B /* Release */ = {
			isa = XCBuildConfiguration;
			buildSettings = {
				ASSETCATALOG_COMPILER_APPICON_NAME = AppIcon;
				ASSETCATALOG_COMPILER_GLOBAL_ACCENT_COLOR_NAME = AccentColor;
				CODE_SIGN_STYLE = Automatic;
				DEVELOPMENT_ASSET_PATHS = "\"Filled/Preview Content\"";
				ENABLE_PREVIEWS = YES;
				INFOPLIST_FILE = Filled/Info.plist;
				IPHONEOS_DEPLOYMENT_TARGET = 14.0;
				LD_RUNPATH_SEARCH_PATHS = (
					"$(inherited)",
					"@executable_path/Frameworks",
				);
				PRODUCT_BUNDLE_IDENTIFIER = com.kavsoft.Filled;
				PRODUCT_NAME = "$(TARGET_NAME)";
				SWIFT_VERSION = 5.0;
				TARGETED_DEVICE_FAMILY = "1,2";
			};
			name = Release;
		};
		ADAC129F24C616A400DE160B /* Debug */ = {
			isa = XCBuildConfiguration;
			buildSettings = {
				ALWAYS_EMBED_SWIFT_STANDARD_LIBRARIES = YES;
				BUNDLE_LOADER = "$(TEST_HOST)";
				CODE_SIGN_STYLE = Automatic;
				INFOPLIST_FILE = FilledTests/Info.plist;
				IPHONEOS_DEPLOYMENT_TARGET = 14.0;
				LD_RUNPATH_SEARCH_PATHS = (
					"$(inherited)",
					"@executable_path/Frameworks",
					"@loader_path/Frameworks",
				);
				PRODUCT_BUNDLE_IDENTIFIER = com.kavsoft.FilledTests;
				PRODUCT_NAME = "$(TARGET_NAME)";
				SWIFT_VERSION = 5.0;
				TARGETED_DEVICE_FAMILY = "1,2";
				TEST_HOST = "$(BUILT_PRODUCTS_DIR)/Filled.app/Filled";
			};
			name = Debug;
		};
		ADAC12A024C616A400DE160B /* Release */ = {
			isa = XCBuildConfiguration;
			buildSettings = {
				ALWAYS_EMBED_SWIFT_STANDARD_LIBRARIES = YES;
				BUNDLE_LOADER = "$(TEST_HOST)";
				CODE_SIGN_STYLE = Automatic;
				INFOPLIST_FILE = FilledTests/Info.plist;
				IPHONEOS_DEPLOYMENT_TARGET = 14.0;
				LD_RUNPATH_SEARCH_PATHS = (
					"$(inherited)",
					"@executable_path/Frameworks",
					"@loader_path/Frameworks",
				);
				PRODUCT_BUNDLE_IDENTIFIER = com.kavsoft.FilledTests;
				PRODUCT_NAME = "$(TARGET_NAME)";
				SWIFT_VERSION = 5.0;
				TARGETED_DEVICE_FAMILY = "1,2";
				TEST_HOST = "$(BUILT_PRODUCTS_DIR)/Filled.app/Filled";
			};
			name = Release;
		};
		ADAC12A224C616A400DE160B /* Debug */ = {
			isa = XCBuildConfiguration;
			buildSettings = {
				ALWAYS_EMBED_SWIFT_STANDARD_LIBRARIES = YES;
				CODE_SIGN_STYLE = Automatic;
				INFOPLIST_FILE = FilledUITests/Info.plist;
				LD_RUNPATH_SEARCH_PATHS = (
					"$(inherited)",
					"@executable_path/Frameworks",
					"@loader_path/Frameworks",
				);
				PRODUCT_BUNDLE_IDENTIFIER = com.kavsoft.FilledUITests;
				PRODUCT_NAME = "$(TARGET_NAME)";
				SWIFT_VERSION = 5.0;
				TARGETED_DEVICE_FAMILY = "1,2";
				TEST_TARGET_NAME = Filled;
			};
			name = Debug;
		};
		ADAC12A324C616A400DE160B /* Release */ = {
			isa = XCBuildConfiguration;
			buildSettings = {
				ALWAYS_EMBED_SWIFT_STANDARD_LIBRARIES = YES;
				CODE_SIGN_STYLE = Automatic;
				INFOPLIST_FILE = FilledUITests/Info.plist;
				LD_RUNPATH_SEARCH_PATHS = (
					"$(inherited)",
					"@executable_path/Frameworks",
					"@loader_path/Frameworks",
				);
				PRODUCT_BUNDLE_IDENTIFIER = com.kavsoft.FilledUITests;
				PRODUCT_NAME = "$(TARGET_NAME)";
				SWIFT_VERSION = 5.0;
				TARGETED_DEVICE_FAMILY = "1,2";
				TEST_TARGET_NAME = Filled;
			};
			name = Release;
		};
/* End XCBuildConfiguration section */

/* Begin XCConfigurationList section */
		ADAC127124C616A000DE160B /* Build configuration list for PBXProject "Filled" */ = {
			isa = XCConfigurationList;
			buildConfigurations = (
				ADAC129924C616A400DE160B /* Debug */,
				ADAC129A24C616A400DE160B /* Release */,
			);
			defaultConfigurationIsVisible = 0;
			defaultConfigurationName = Release;
		};
		ADAC129B24C616A400DE160B /* Build configuration list for PBXNativeTarget "Filled" */ = {
			isa = XCConfigurationList;
			buildConfigurations = (
				ADAC129C24C616A400DE160B /* Debug */,
				ADAC129D24C616A400DE160B /* Release */,
			);
			defaultConfigurationIsVisible = 0;
			defaultConfigurationName = Release;
		};
		ADAC129E24C616A400DE160B /* Build configuration list for PBXNativeTarget "FilledTests" */ = {
			isa = XCConfigurationList;
			buildConfigurations = (
				ADAC129F24C616A400DE160B /* Debug */,
				ADAC12A024C616A400DE160B /* Release */,
			);
			defaultConfigurationIsVisible = 0;
			defaultConfigurationName = Release;
		};
		ADAC12A124C616A400DE160B /* Build configuration list for PBXNativeTarget "FilledUITests" */ = {
			isa = XCConfigurationList;
			buildConfigurations = (
				ADAC12A224C616A400DE160B /* Debug */,
				ADAC12A324C616A400DE160B /* Release */,
			);
			defaultConfigurationIsVisible = 0;
			defaultConfigurationName = Release;
		};
/* End XCConfigurationList section */
	};
	rootObject = ADAC126E24C616A000DE160B /* Project object */;
}
