// !$*UTF8*$!
{
	archiveVersion = 1;
	classes = {
	};
	objectVersion = 50;
	objects = {

/* Begin PBXBuildFile section */
		ADA8628A25F2858900605679 /* Home.swift in Sources */ = {isa = PBXBuildFile; fileRef = ADA8628925F2858900605679 /* Home.swift */; };
		ADA8629525F289E400605679 /* HomeViewModel.swift in Sources */ = {isa = PBXBuildFile; fileRef = ADA8629425F289E400605679 /* HomeViewModel.swift */; };
		ADA8629F25F28E2700605679 /* CustomCorners.swift in Sources */ = {isa = PBXBuildFile; fileRef = ADA8629E25F28E2700605679 /* CustomCorners.swift */; };
		ADDD176A25F234D400928D8C /* Tests_iOS.swift in Sources */ = {isa = PBXBuildFile; fileRef = ADDD176925F234D400928D8C /* Tests_iOS.swift */; };
		ADDD177525F234D400928D8C /* Tests_macOS.swift in Sources */ = {isa = PBXBuildFile; fileRef = ADDD177425F234D400928D8C /* Tests_macOS.swift */; };
		ADDD177725F234D400928D8C /* Animation_ChallengeApp.swift in Sources */ = {isa = PBXBuildFile; fileRef = ADDD174E25F234D400928D8C /* Animation_ChallengeApp.swift */; };
		ADDD177825F234D400928D8C /* Animation_ChallengeApp.swift in Sources */ = {isa = PBXBuildFile; fileRef = ADDD174E25F234D400928D8C /* Animation_ChallengeApp.swift */; };
		ADDD177925F234D400928D8C /* ContentView.swift in Sources */ = {isa = PBXBuildFile; fileRef = ADDD174F25F234D400928D8C /* ContentView.swift */; };
		ADDD177A25F234D400928D8C /* ContentView.swift in Sources */ = {isa = PBXBuildFile; fileRef = ADDD174F25F234D400928D8C /* ContentView.swift */; };
		ADDD177B25F234D400928D8C /* Assets.xcassets in Resources */ = {isa = PBXBuildFile; fileRef = ADDD175025F234D400928D8C /* Assets.xcassets */; };
		ADDD177C25F234D400928D8C /* Assets.xcassets in Resources */ = {isa = PBXBuildFile; fileRef = ADDD175025F234D400928D8C /* Assets.xcassets */; };
/* End PBXBuildFile section */

/* Begin PBXContainerItemProxy section */
		ADDD176625F234D400928D8C /* PBXContainerItemProxy */ = {
			isa = PBXContainerItemProxy;
			containerPortal = ADDD174925F234D400928D8C /* Project object */;
			proxyType = 1;
			remoteGlobalIDString = ADDD175425F234D400928D8C;
			remoteInfo = "Animation Challenge (iOS)";
		};
		ADDD177125F234D400928D8C /* PBXContainerItemProxy */ = {
			isa = PBXContainerItemProxy;
			containerPortal = ADDD174925F234D400928D8C /* Project object */;
			proxyType = 1;
			remoteGlobalIDString = ADDD175C25F234D400928D8C;
			remoteInfo = "Animation Challenge (macOS)";
		};
/* End PBXContainerItemProxy section */

/* Begin PBXFileReference section */
		ADA8628925F2858900605679 /* Home.swift */ = {isa = PBXFileReference; lastKnownFileType = sourcecode.swift; path = Home.swift; sourceTree = "<group>"; };
		ADA8629425F289E400605679 /* HomeViewModel.swift */ = {isa = PBXFileReference; lastKnownFileType = sourcecode.swift; path = HomeViewModel.swift; sourceTree = "<group>"; };
		ADA8629E25F28E2700605679 /* CustomCorners.swift */ = {isa = PBXFileReference; lastKnownFileType = sourcecode.swift; path = CustomCorners.swift; sourceTree = "<group>"; };
		ADDD174E25F234D400928D8C /* Animation_ChallengeApp.swift */ = {isa = PBXFileReference; lastKnownFileType = sourcecode.swift; path = Animation_ChallengeApp.swift; sourceTree = "<group>"; };
		ADDD174F25F234D400928D8C /* ContentView.swift */ = {isa = PBXFileReference; lastKnownFileType = sourcecode.swift; path = ContentView.swift; sourceTree = "<group>"; };
		ADDD175025F234D400928D8C /* Assets.xcassets */ = {isa = PBXFileReference; lastKnownFileType = folder.assetcatalog; path = Assets.xcassets; sourceTree = "<group>"; };
		ADDD175525F234D400928D8C /* Animation Challenge.app */ = {isa = PBXFileReference; explicitFileType = wrapper.application; includeInIndex = 0; path = "Animation Challenge.app"; sourceTree = BUILT_PRODUCTS_DIR; };
		ADDD175825F234D400928D8C /* Info.plist */ = {isa = PBXFileReference; lastKnownFileType = text.plist.xml; path = Info.plist; sourceTree = "<group>"; };
		ADDD175D25F234D400928D8C /* Animation Challenge.app */ = {isa = PBXFileReference; explicitFileType = wrapper.application; includeInIndex = 0; path = "Animation Challenge.app"; sourceTree = BUILT_PRODUCTS_DIR; };
		ADDD175F25F234D400928D8C /* Info.plist */ = {isa = PBXFileReference; lastKnownFileType = text.plist.xml; path = Info.plist; sourceTree = "<group>"; };
		ADDD176025F234D400928D8C /* macOS.entitlements */ = {isa = PBXFileReference; lastKnownFileType = text.plist.entitlements; path = macOS.entitlements; sourceTree = "<group>"; };
		ADDD176525F234D400928D8C /* Tests iOS.xctest */ = {isa = PBXFileReference; explicitFileType = wrapper.cfbundle; includeInIndex = 0; path = "Tests iOS.xctest"; sourceTree = BUILT_PRODUCTS_DIR; };
		ADDD176925F234D400928D8C /* Tests_iOS.swift */ = {isa = PBXFileReference; lastKnownFileType = sourcecode.swift; path = Tests_iOS.swift; sourceTree = "<group>"; };
		ADDD176B25F234D400928D8C /* Info.plist */ = {isa = PBXFileReference; lastKnownFileType = text.plist.xml; path = Info.plist; sourceTree = "<group>"; };
		ADDD177025F234D400928D8C /* Tests macOS.xctest */ = {isa = PBXFileReference; explicitFileType = wrapper.cfbundle; includeInIndex = 0; path = "Tests macOS.xctest"; sourceTree = BUILT_PRODUCTS_DIR; };
		ADDD177425F234D400928D8C /* Tests_macOS.swift */ = {isa = PBXFileReference; lastKnownFileType = sourcecode.swift; path = Tests_macOS.swift; sourceTree = "<group>"; };
		ADDD177625F234D400928D8C /* Info.plist */ = {isa = PBXFileReference; lastKnownFileType = text.plist.xml; path = Info.plist; sourceTree = "<group>"; };
/* End PBXFileReference section */

/* Begin PBXFrameworksBuildPhase section */
		ADDD175225F234D400928D8C /* Frameworks */ = {
			isa = PBXFrameworksBuildPhase;
			buildActionMask = 2147483647;
			files = (
			);
			runOnlyForDeploymentPostprocessing = 0;
		};
		ADDD175A25F234D400928D8C /* Frameworks */ = {
			isa = PBXFrameworksBuildPhase;
			buildActionMask = 2147483647;
			files = (
			);
			runOnlyForDeploymentPostprocessing = 0;
		};
		ADDD176225F234D400928D8C /* Frameworks */ = {
			isa = PBXFrameworksBuildPhase;
			buildActionMask = 2147483647;
			files = (
			);
			runOnlyForDeploymentPostprocessing = 0;
		};
		ADDD176D25F234D400928D8C /* Frameworks */ = {
			isa = PBXFrameworksBuildPhase;
			buildActionMask = 2147483647;
			files = (
			);
			runOnlyForDeploymentPostprocessing = 0;
		};
/* End PBXFrameworksBuildPhase section */

/* Begin PBXGroup section */
		ADA8628825F2858300605679 /* View */ = {
			isa = PBXGroup;
			children = (
				ADA8628925F2858900605679 /* Home.swift */,
				ADA8629E25F28E2700605679 /* CustomCorners.swift */,
			);
			path = View;
			sourceTree = "<group>";
		};
		ADA8629325F289D700605679 /* ViewModel */ = {
			isa = PBXGroup;
			children = (
				ADA8629425F289E400605679 /* HomeViewModel.swift */,
			);
			path = ViewModel;
			sourceTree = "<group>";
		};
		ADDD174825F234D400928D8C = {
			isa = PBXGroup;
			children = (
				ADDD174D25F234D400928D8C /* Shared */,
				ADDD175725F234D400928D8C /* iOS */,
				ADDD175E25F234D400928D8C /* macOS */,
				ADDD176825F234D400928D8C /* Tests iOS */,
				ADDD177325F234D400928D8C /* Tests macOS */,
				ADDD175625F234D400928D8C /* Products */,
			);
			sourceTree = "<group>";
		};
		ADDD174D25F234D400928D8C /* Shared */ = {
			isa = PBXGroup;
			children = (
				ADA8629325F289D700605679 /* ViewModel */,
				ADA8628825F2858300605679 /* View */,
				ADDD174E25F234D400928D8C /* Animation_ChallengeApp.swift */,
				ADDD174F25F234D400928D8C /* ContentView.swift */,
				ADDD175025F234D400928D8C /* Assets.xcassets */,
			);
			path = Shared;
			sourceTree = "<group>";
		};
		ADDD175625F234D400928D8C /* Products */ = {
			isa = PBXGroup;
			children = (
				ADDD175525F234D400928D8C /* Animation Challenge.app */,
				ADDD175D25F234D400928D8C /* Animation Challenge.app */,
				ADDD176525F234D400928D8C /* Tests iOS.xctest */,
				ADDD177025F234D400928D8C /* Tests macOS.xctest */,
			);
			name = Products;
			sourceTree = "<group>";
		};
		ADDD175725F234D400928D8C /* iOS */ = {
			isa = PBXGroup;
			children = (
				ADDD175825F234D400928D8C /* Info.plist */,
			);
			path = iOS;
			sourceTree = "<group>";
		};
		ADDD175E25F234D400928D8C /* macOS */ = {
			isa = PBXGroup;
			children = (
				ADDD175F25F234D400928D8C /* Info.plist */,
				ADDD176025F234D400928D8C /* macOS.entitlements */,
			);
			path = macOS;
			sourceTree = "<group>";
		};
		ADDD176825F234D400928D8C /* Tests iOS */ = {
			isa = PBXGroup;
			children = (
				ADDD176925F234D400928D8C /* Tests_iOS.swift */,
				ADDD176B25F234D400928D8C /* Info.plist */,
			);
			path = "Tests iOS";
			sourceTree = "<group>";
		};
		ADDD177325F234D400928D8C /* Tests macOS */ = {
			isa = PBXGroup;
			children = (
				ADDD177425F234D400928D8C /* Tests_macOS.swift */,
				ADDD177625F234D400928D8C /* Info.plist */,
			);
			path = "Tests macOS";
			sourceTree = "<group>";
		};
/* End PBXGroup section */

/* Begin PBXNativeTarget section */
		ADDD175425F234D400928D8C /* Animation Challenge (iOS) */ = {
			isa = PBXNativeTarget;
			buildConfigurationList = ADDD177F25F234D400928D8C /* Build configuration list for PBXNativeTarget "Animation Challenge (iOS)" */;
			buildPhases = (
				ADDD175125F234D400928D8C /* Sources */,
				ADDD175225F234D400928D8C /* Frameworks */,
				ADDD175325F234D400928D8C /* Resources */,
			);
			buildRules = (
			);
			dependencies = (
			);
			name = "Animation Challenge (iOS)";
			productName = "Animation Challenge (iOS)";
			productReference = ADDD175525F234D400928D8C /* Animation Challenge.app */;
			productType = "com.apple.product-type.application";
		};
		ADDD175C25F234D400928D8C /* Animation Challenge (macOS) */ = {
			isa = PBXNativeTarget;
			buildConfigurationList = ADDD178225F234D400928D8C /* Build configuration list for PBXNativeTarget "Animation Challenge (macOS)" */;
			buildPhases = (
				ADDD175925F234D400928D8C /* Sources */,
				ADDD175A25F234D400928D8C /* Frameworks */,
				ADDD175B25F234D400928D8C /* Resources */,
			);
			buildRules = (
			);
			dependencies = (
			);
			name = "Animation Challenge (macOS)";
			productName = "Animation Challenge (macOS)";
			productReference = ADDD175D25F234D400928D8C /* Animation Challenge.app */;
			productType = "com.apple.product-type.application";
		};
		ADDD176425F234D400928D8C /* Tests iOS */ = {
			isa = PBXNativeTarget;
			buildConfigurationList = ADDD178525F234D400928D8C /* Build configuration list for PBXNativeTarget "Tests iOS" */;
			buildPhases = (
				ADDD176125F234D400928D8C /* Sources */,
				ADDD176225F234D400928D8C /* Frameworks */,
				ADDD176325F234D400928D8C /* Resources */,
			);
			buildRules = (
			);
			dependencies = (
				ADDD176725F234D400928D8C /* PBXTargetDependency */,
			);
			name = "Tests iOS";
			productName = "Tests iOS";
			productReference = ADDD176525F234D400928D8C /* Tests iOS.xctest */;
			productType = "com.apple.product-type.bundle.ui-testing";
		};
		ADDD176F25F234D400928D8C /* Tests macOS */ = {
			isa = PBXNativeTarget;
			buildConfigurationList = ADDD178825F234D400928D8C /* Build configuration list for PBXNativeTarget "Tests macOS" */;
			buildPhases = (
				ADDD176C25F234D400928D8C /* Sources */,
				ADDD176D25F234D400928D8C /* Frameworks */,
				ADDD176E25F234D400928D8C /* Resources */,
			);
			buildRules = (
			);
			dependencies = (
				ADDD177225F234D400928D8C /* PBXTargetDependency */,
			);
			name = "Tests macOS";
			productName = "Tests macOS";
			productReference = ADDD177025F234D400928D8C /* Tests macOS.xctest */;
			productType = "com.apple.product-type.bundle.ui-testing";
		};
/* End PBXNativeTarget section */

/* Begin PBXProject section */
		ADDD174925F234D400928D8C /* Project object */ = {
			isa = PBXProject;
			attributes = {
				LastSwiftUpdateCheck = 1240;
				LastUpgradeCheck = 1240;
				TargetAttributes = {
					ADDD175425F234D400928D8C = {
						CreatedOnToolsVersion = 12.4;
					};
					ADDD175C25F234D400928D8C = {
						CreatedOnToolsVersion = 12.4;
					};
					ADDD176425F234D400928D8C = {
						CreatedOnToolsVersion = 12.4;
						TestTargetID = ADDD175425F234D400928D8C;
					};
					ADDD176F25F234D400928D8C = {
						CreatedOnToolsVersion = 12.4;
						TestTargetID = ADDD175C25F234D400928D8C;
					};
				};
			};
			buildConfigurationList = ADDD174C25F234D400928D8C /* Build configuration list for PBXProject "Animation Challenge" */;
			compatibilityVersion = "Xcode 9.3";
			developmentRegion = en;
			hasScannedForEncodings = 0;
			knownRegions = (
				en,
				Base,
			);
			mainGroup = ADDD174825F234D400928D8C;
			productRefGroup = ADDD175625F234D400928D8C /* Products */;
			projectDirPath = "";
			projectRoot = "";
			targets = (
				ADDD175425F234D400928D8C /* Animation Challenge (iOS) */,
				ADDD175C25F234D400928D8C /* Animation Challenge (macOS) */,
				ADDD176425F234D400928D8C /* Tests iOS */,
				ADDD176F25F234D400928D8C /* Tests macOS */,
			);
		};
/* End PBXProject section */

/* Begin PBXResourcesBuildPhase section */
		ADDD175325F234D400928D8C /* Resources */ = {
			isa = PBXResourcesBuildPhase;
			buildActionMask = 2147483647;
			files = (
				ADDD177B25F234D400928D8C /* Assets.xcassets in Resources */,
			);
			runOnlyForDeploymentPostprocessing = 0;
		};
		ADDD175B25F234D400928D8C /* Resources */ = {
			isa = PBXResourcesBuildPhase;
			buildActionMask = 2147483647;
			files = (
				ADDD177C25F234D400928D8C /* Assets.xcassets in Resources */,
			);
			runOnlyForDeploymentPostprocessing = 0;
		};
		ADDD176325F234D400928D8C /* Resources */ = {
			isa = PBXResourcesBuildPhase;
			buildActionMask = 2147483647;
			files = (
			);
			runOnlyForDeploymentPostprocessing = 0;
		};
		ADDD176E25F234D400928D8C /* Resources */ = {
			isa = PBXResourcesBuildPhase;
			buildActionMask = 2147483647;
			files = (
			);
			runOnlyForDeploymentPostprocessing = 0;
		};
/* End PBXResourcesBuildPhase section */

/* Begin PBXSourcesBuildPhase section */
		ADDD175125F234D400928D8C /* Sources */ = {
			isa = PBXSourcesBuildPhase;
			buildActionMask = 2147483647;
			files = (
				ADDD177925F234D400928D8C /* ContentView.swift in Sources */,
				ADA8628A25F2858900605679 /* Home.swift in Sources */,
				ADDD177725F234D400928D8C /* Animation_ChallengeApp.swift in Sources */,
				ADA8629525F289E400605679 /* HomeViewModel.swift in Sources */,
				ADA8629F25F28E2700605679 /* CustomCorners.swift in Sources */,
			);
			runOnlyForDeploymentPostprocessing = 0;
		};
		ADDD175925F234D400928D8C /* Sources */ = {
			isa = PBXSourcesBuildPhase;
			buildActionMask = 2147483647;
			files = (
				ADDD177A25F234D400928D8C /* ContentView.swift in Sources */,
				ADDD177825F234D400928D8C /* Animation_ChallengeApp.swift in Sources */,
			);
			runOnlyForDeploymentPostprocessing = 0;
		};
		ADDD176125F234D400928D8C /* Sources */ = {
			isa = PBXSourcesBuildPhase;
			buildActionMask = 2147483647;
			files = (
				ADDD176A25F234D400928D8C /* Tests_iOS.swift in Sources */,
			);
			runOnlyForDeploymentPostprocessing = 0;
		};
		ADDD176C25F234D400928D8C /* Sources */ = {
			isa = PBXSourcesBuildPhase;
			buildActionMask = 2147483647;
			files = (
				ADDD177525F234D400928D8C /* Tests_macOS.swift in Sources */,
			);
			runOnlyForDeploymentPostprocessing = 0;
		};
/* End PBXSourcesBuildPhase section */

/* Begin PBXTargetDependency section */
		ADDD176725F234D400928D8C /* PBXTargetDependency */ = {
			isa = PBXTargetDependency;
			target = ADDD175425F234D400928D8C /* Animation Challenge (iOS) */;
			targetProxy = ADDD176625F234D400928D8C /* PBXContainerItemProxy */;
		};
		ADDD177225F234D400928D8C /* PBXTargetDependency */ = {
			isa = PBXTargetDependency;
			target = ADDD175C25F234D400928D8C /* Animation Challenge (macOS) */;
			targetProxy = ADDD177125F234D400928D8C /* PBXContainerItemProxy */;
		};
/* End PBXTargetDependency section */

/* Begin XCBuildConfiguration section */
		ADDD177D25F234D400928D8C /* Debug */ = {
			isa = XCBuildConfiguration;
			buildSettings = {
				ALWAYS_SEARCH_USER_PATHS = NO;
				CLANG_ANALYZER_NONNULL = YES;
				CLANG_ANALYZER_NUMBER_OBJECT_CONVERSION = YES_AGGRESSIVE;
				CLANG_CXX_LANGUAGE_STANDARD = "gnu++14";
				CLANG_CXX_LIBRARY = "libc++";
				CLANG_ENABLE_MODULES = YES;
				CLANG_ENABLE_OBJC_ARC = YES;
				CLANG_ENABLE_OBJC_WEAK = YES;
				CLANG_WARN_BLOCK_CAPTURE_AUTORELEASING = YES;
				CLANG_WARN_BOOL_CONVERSION = YES;
				CLANG_WARN_COMMA = YES;
				CLANG_WARN_CONSTANT_CONVERSION = YES;
				CLANG_WARN_DEPRECATED_OBJC_IMPLEMENTATIONS = YES;
				CLANG_WARN_DIRECT_OBJC_ISA_USAGE = YES_ERROR;
				CLANG_WARN_DOCUMENTATION_COMMENTS = YES;
				CLANG_WARN_EMPTY_BODY = YES;
				CLANG_WARN_ENUM_CONVERSION = YES;
				CLANG_WARN_INFINITE_RECURSION = YES;
				CLANG_WARN_INT_CONVERSION = YES;
				CLANG_WARN_NON_LITERAL_NULL_CONVERSION = YES;
				CLANG_WARN_OBJC_IMPLICIT_RETAIN_SELF = YES;
				CLANG_WARN_OBJC_LITERAL_CONVERSION = YES;
				CLANG_WARN_OBJC_ROOT_CLASS = YES_ERROR;
				CLANG_WARN_QUOTED_INCLUDE_IN_FRAMEWORK_HEADER = YES;
				CLANG_WARN_RANGE_LOOP_ANALYSIS = YES;
				CLANG_WARN_STRICT_PROTOTYPES = YES;
				CLANG_WARN_SUSPICIOUS_MOVE = YES;
				CLANG_WARN_UNGUARDED_AVAILABILITY = YES_AGGRESSIVE;
				CLANG_WARN_UNREACHABLE_CODE = YES;
				CLANG_WARN__DUPLICATE_METHOD_MATCH = YES;
				COPY_PHASE_STRIP = NO;
				DEBUG_INFORMATION_FORMAT = dwarf;
				ENABLE_STRICT_OBJC_MSGSEND = YES;
				ENABLE_TESTABILITY = YES;
				GCC_C_LANGUAGE_STANDARD = gnu11;
				GCC_DYNAMIC_NO_PIC = NO;
				GCC_NO_COMMON_BLOCKS = YES;
				GCC_OPTIMIZATION_LEVEL = 0;
				GCC_PREPROCESSOR_DEFINITIONS = (
					"DEBUG=1",
					"$(inherited)",
				);
				GCC_WARN_64_TO_32_BIT_CONVERSION = YES;
				GCC_WARN_ABOUT_RETURN_TYPE = YES_ERROR;
				GCC_WARN_UNDECLARED_SELECTOR = YES;
				GCC_WARN_UNINITIALIZED_AUTOS = YES_AGGRESSIVE;
				GCC_WARN_UNUSED_FUNCTION = YES;
				GCC_WARN_UNUSED_VARIABLE = YES;
				MTL_ENABLE_DEBUG_INFO = INCLUDE_SOURCE;
				MTL_FAST_MATH = YES;
				ONLY_ACTIVE_ARCH = YES;
				SWIFT_ACTIVE_COMPILATION_CONDITIONS = DEBUG;
				SWIFT_OPTIMIZATION_LEVEL = "-Onone";
			};
			name = Debug;
		};
		ADDD177E25F234D400928D8C /* Release */ = {
			isa = XCBuildConfiguration;
			buildSettings = {
				ALWAYS_SEARCH_USER_PATHS = NO;
				CLANG_ANALYZER_NONNULL = YES;
				CLANG_ANALYZER_NUMBER_OBJECT_CONVERSION = YES_AGGRESSIVE;
				CLANG_CXX_LANGUAGE_STANDARD = "gnu++14";
				CLANG_CXX_LIBRARY = "libc++";
				CLANG_ENABLE_MODULES = YES;
				CLANG_ENABLE_OBJC_ARC = YES;
				CLANG_ENABLE_OBJC_WEAK = YES;
				CLANG_WARN_BLOCK_CAPTURE_AUTORELEASING = YES;
				CLANG_WARN_BOOL_CONVERSION = YES;
				CLANG_WARN_COMMA = YES;
				CLANG_WARN_CONSTANT_CONVERSION = YES;
				CLANG_WARN_DEPRECATED_OBJC_IMPLEMENTATIONS = YES;
				CLANG_WARN_DIRECT_OBJC_ISA_USAGE = YES_ERROR;
				CLANG_WARN_DOCUMENTATION_COMMENTS = YES;
				CLANG_WARN_EMPTY_BODY = YES;
				CLANG_WARN_ENUM_CONVERSION = YES;
				CLANG_WARN_INFINITE_RECURSION = YES;
				CLANG_WARN_INT_CONVERSION = YES;
				CLANG_WARN_NON_LITERAL_NULL_CONVERSION = YES;
				CLANG_WARN_OBJC_IMPLICIT_RETAIN_SELF = YES;
				CLANG_WARN_OBJC_LITERAL_CONVERSION = YES;
				CLANG_WARN_OBJC_ROOT_CLASS = YES_ERROR;
				CLANG_WARN_QUOTED_INCLUDE_IN_FRAMEWORK_HEADER = YES;
				CLANG_WARN_RANGE_LOOP_ANALYSIS = YES;
				CLANG_WARN_STRICT_PROTOTYPES = YES;
				CLANG_WARN_SUSPICIOUS_MOVE = YES;
				CLANG_WARN_UNGUARDED_AVAILABILITY = YES_AGGRESSIVE;
				CLANG_WARN_UNREACHABLE_CODE = YES;
				CLANG_WARN__DUPLICATE_METHOD_MATCH = YES;
				COPY_PHASE_STRIP = NO;
				DEBUG_INFORMATION_FORMAT = "dwarf-with-dsym";
				ENABLE_NS_ASSERTIONS = NO;
				ENABLE_STRICT_OBJC_MSGSEND = YES;
				GCC_C_LANGUAGE_STANDARD = gnu11;
				GCC_NO_COMMON_BLOCKS = YES;
				GCC_WARN_64_TO_32_BIT_CONVERSION = YES;
				GCC_WARN_ABOUT_RETURN_TYPE = YES_ERROR;
				GCC_WARN_UNDECLARED_SELECTOR = YES;
				GCC_WARN_UNINITIALIZED_AUTOS = YES_AGGRESSIVE;
				GCC_WARN_UNUSED_FUNCTION = YES;
				GCC_WARN_UNUSED_VARIABLE = YES;
				MTL_ENABLE_DEBUG_INFO = NO;
				MTL_FAST_MATH = YES;
				SWIFT_COMPILATION_MODE = wholemodule;
				SWIFT_OPTIMIZATION_LEVEL = "-O";
			};
			name = Release;
		};
		ADDD178025F234D400928D8C /* Debug */ = {
			isa = XCBuildConfiguration;
			buildSettings = {
				ASSETCATALOG_COMPILER_APPICON_NAME = AppIcon;
				ASSETCATALOG_COMPILER_GLOBAL_ACCENT_COLOR_NAME = AccentColor;
				CODE_SIGN_STYLE = Automatic;
				ENABLE_PREVIEWS = YES;
				INFOPLIST_FILE = iOS/Info.plist;
				IPHONEOS_DEPLOYMENT_TARGET = 14.0;
				LD_RUNPATH_SEARCH_PATHS = (
					"$(inherited)",
					"@executable_path/Frameworks",
				);
				PRODUCT_BUNDLE_IDENTIFIER = "com.kavsoft.Animation-Challenge";
				PRODUCT_NAME = "Animation Challenge";
				SDKROOT = iphoneos;
				SWIFT_VERSION = 5.0;
				TARGETED_DEVICE_FAMILY = "1,2";
			};
			name = Debug;
		};
		ADDD178125F234D400928D8C /* Release */ = {
			isa = XCBuildConfiguration;
			buildSettings = {
				ASSETCATALOG_COMPILER_APPICON_NAME = AppIcon;
				ASSETCATALOG_COMPILER_GLOBAL_ACCENT_COLOR_NAME = AccentColor;
				CODE_SIGN_STYLE = Automatic;
				ENABLE_PREVIEWS = YES;
				INFOPLIST_FILE = iOS/Info.plist;
				IPHONEOS_DEPLOYMENT_TARGET = 14.0;
				LD_RUNPATH_SEARCH_PATHS = (
					"$(inherited)",
					"@executable_path/Frameworks",
				);
				PRODUCT_BUNDLE_IDENTIFIER = "com.kavsoft.Animation-Challenge";
				PRODUCT_NAME = "Animation Challenge";
				SDKROOT = iphoneos;
				SWIFT_VERSION = 5.0;
				TARGETED_DEVICE_FAMILY = "1,2";
				VALIDATE_PRODUCT = YES;
			};
			name = Release;
		};
		ADDD178325F234D400928D8C /* Debug */ = {
			isa = XCBuildConfiguration;
			buildSettings = {
				ASSETCATALOG_COMPILER_APPICON_NAME = AppIcon;
				ASSETCATALOG_COMPILER_GLOBAL_ACCENT_COLOR_NAME = AccentColor;
				CODE_SIGN_ENTITLEMENTS = macOS/macOS.entitlements;
				CODE_SIGN_STYLE = Automatic;
				COMBINE_HIDPI_IMAGES = YES;
				ENABLE_PREVIEWS = YES;
				INFOPLIST_FILE = macOS/Info.plist;
				LD_RUNPATH_SEARCH_PATHS = (
					"$(inherited)",
					"@executable_path/../Frameworks",
				);
				MACOSX_DEPLOYMENT_TARGET = 11.0;
				PRODUCT_BUNDLE_IDENTIFIER = "com.kavsoft.Animation-Challenge";
				PRODUCT_NAME = "Animation Challenge";
				SDKROOT = macosx;
				SWIFT_VERSION = 5.0;
			};
			name = Debug;
		};
		ADDD178425F234D400928D8C /* Release */ = {
			isa = XCBuildConfiguration;
			buildSettings = {
				ASSETCATALOG_COMPILER_APPICON_NAME = AppIcon;
				ASSETCATALOG_COMPILER_GLOBAL_ACCENT_COLOR_NAME = AccentColor;
				CODE_SIGN_ENTITLEMENTS = macOS/macOS.entitlements;
				CODE_SIGN_STYLE = Automatic;
				COMBINE_HIDPI_IMAGES = YES;
				ENABLE_PREVIEWS = YES;
				INFOPLIST_FILE = macOS/Info.plist;
				LD_RUNPATH_SEARCH_PATHS = (
					"$(inherited)",
					"@executable_path/../Frameworks",
				);
				MACOSX_DEPLOYMENT_TARGET = 11.0;
				PRODUCT_BUNDLE_IDENTIFIER = "com.kavsoft.Animation-Challenge";
				PRODUCT_NAME = "Animation Challenge";
				SDKROOT = macosx;
				SWIFT_VERSION = 5.0;
			};
			name = Release;
		};
		ADDD178625F234D400928D8C /* Debug */ = {
			isa = XCBuildConfiguration;
			buildSettings = {
				ALWAYS_EMBED_SWIFT_STANDARD_LIBRARIES = YES;
				CODE_SIGN_STYLE = Automatic;
				INFOPLIST_FILE = "Tests iOS/Info.plist";
				IPHONEOS_DEPLOYMENT_TARGET = 14.4;
				LD_RUNPATH_SEARCH_PATHS = (
					"$(inherited)",
					"@executable_path/Frameworks",
					"@loader_path/Frameworks",
				);
				PRODUCT_BUNDLE_IDENTIFIER = "com.kavsoft.Tests-iOS";
				PRODUCT_NAME = "$(TARGET_NAME)";
				SDKROOT = iphoneos;
				SWIFT_VERSION = 5.0;
				TARGETED_DEVICE_FAMILY = "1,2";
				TEST_TARGET_NAME = "Animation Challenge (iOS)";
			};
			name = Debug;
		};
		ADDD178725F234D400928D8C /* Release */ = {
			isa = XCBuildConfiguration;
			buildSettings = {
				ALWAYS_EMBED_SWIFT_STANDARD_LIBRARIES = YES;
				CODE_SIGN_STYLE = Automatic;
				INFOPLIST_FILE = "Tests iOS/Info.plist";
				IPHONEOS_DEPLOYMENT_TARGET = 14.4;
				LD_RUNPATH_SEARCH_PATHS = (
					"$(inherited)",
					"@executable_path/Frameworks",
					"@loader_path/Frameworks",
				);
				PRODUCT_BUNDLE_IDENTIFIER = "com.kavsoft.Tests-iOS";
				PRODUCT_NAME = "$(TARGET_NAME)";
				SDKROOT = iphoneos;
				SWIFT_VERSION = 5.0;
				TARGETED_DEVICE_FAMILY = "1,2";
				TEST_TARGET_NAME = "Animation Challenge (iOS)";
				VALIDATE_PRODUCT = YES;
			};
			name = Release;
		};
		ADDD178925F234D400928D8C /* Debug */ = {
			isa = XCBuildConfiguration;
			buildSettings = {
				ALWAYS_EMBED_SWIFT_STANDARD_LIBRARIES = YES;
				CODE_SIGN_STYLE = Automatic;
				COMBINE_HIDPI_IMAGES = YES;
				INFOPLIST_FILE = "Tests macOS/Info.plist";
				LD_RUNPATH_SEARCH_PATHS = (
					"$(inherited)",
					"@executable_path/../Frameworks",
					"@loader_path/../Frameworks",
				);
				MACOSX_DEPLOYMENT_TARGET = 11.1;
				PRODUCT_BUNDLE_IDENTIFIER = "com.kavsoft.Tests-macOS";
				PRODUCT_NAME = "$(TARGET_NAME)";
				SDKROOT = macosx;
				SWIFT_VERSION = 5.0;
				TEST_TARGET_NAME = "Animation Challenge (macOS)";
			};
			name = Debug;
		};
		ADDD178A25F234D400928D8C /* Release */ = {
			isa = XCBuildConfiguration;
			buildSettings = {
				ALWAYS_EMBED_SWIFT_STANDARD_LIBRARIES = YES;
				CODE_SIGN_STYLE = Automatic;
				COMBINE_HIDPI_IMAGES = YES;
				INFOPLIST_FILE = "Tests macOS/Info.plist";
				LD_RUNPATH_SEARCH_PATHS = (
					"$(inherited)",
					"@executable_path/../Frameworks",
					"@loader_path/../Frameworks",
				);
				MACOSX_DEPLOYMENT_TARGET = 11.1;
				PRODUCT_BUNDLE_IDENTIFIER = "com.kavsoft.Tests-macOS";
				PRODUCT_NAME = "$(TARGET_NAME)";
				SDKROOT = macosx;
				SWIFT_VERSION = 5.0;
				TEST_TARGET_NAME = "Animation Challenge (macOS)";
			};
			name = Release;
		};
/* End XCBuildConfiguration section */

/* Begin XCConfigurationList section */
		ADDD174C25F234D400928D8C /* Build configuration list for PBXProject "Animation Challenge" */ = {
			isa = XCConfigurationList;
			buildConfigurations = (
				ADDD177D25F234D400928D8C /* Debug */,
				ADDD177E25F234D400928D8C /* Release */,
			);
			defaultConfigurationIsVisible = 0;
			defaultConfigurationName = Release;
		};
		ADDD177F25F234D400928D8C /* Build configuration list for PBXNativeTarget "Animation Challenge (iOS)" */ = {
			isa = XCConfigurationList;
			buildConfigurations = (
				ADDD178025F234D400928D8C /* Debug */,
				ADDD178125F234D400928D8C /* Release */,
			);
			defaultConfigurationIsVisible = 0;
			defaultConfigurationName = Release;
		};
		ADDD178225F234D400928D8C /* Build configuration list for PBXNativeTarget "Animation Challenge (macOS)" */ = {
			isa = XCConfigurationList;
			buildConfigurations = (
				ADDD178325F234D400928D8C /* Debug */,
				ADDD178425F234D400928D8C /* Release */,
			);
			defaultConfigurationIsVisible = 0;
			defaultConfigurationName = Release;
		};
		ADDD178525F234D400928D8C /* Build configuration list for PBXNativeTarget "Tests iOS" */ = {
			isa = XCConfigurationList;
			buildConfigurations = (
				ADDD178625F234D400928D8C /* Debug */,
				ADDD178725F234D400928D8C /* Release */,
			);
			defaultConfigurationIsVisible = 0;
			defaultConfigurationName = Release;
		};
		ADDD178825F234D400928D8C /* Build configuration list for PBXNativeTarget "Tests macOS" */ = {
			isa = XCConfigurationList;
			buildConfigurations = (
				ADDD178925F234D400928D8C /* Debug */,
				ADDD178A25F234D400928D8C /* Release */,
			);
			defaultConfigurationIsVisible = 0;
			defaultConfigurationName = Release;
		};
/* End XCConfigurationList section */
	};
	rootObject = ADDD174925F234D400928D8C /* Project object */;
}
