// !$*UTF8*$!
{
	archiveVersion = 1;
	classes = {
	};
	objectVersion = 50;
	objects = {

/* Begin PBXBuildFile section */
		ADBF2CCB25F5479800C81F3D /* Tests_iOS.swift in Sources */ = {isa = PBXBuildFile; fileRef = ADBF2CCA25F5479800C81F3D /* Tests_iOS.swift */; };
		ADBF2CD625F5479800C81F3D /* Tests_macOS.swift in Sources */ = {isa = PBXBuildFile; fileRef = ADBF2CD525F5479800C81F3D /* Tests_macOS.swift */; };
		ADBF2CD825F5479800C81F3D /* ChallengeApp.swift in Sources */ = {isa = PBXBuildFile; fileRef = ADBF2CAF25F5479800C81F3D /* ChallengeApp.swift */; };
		ADBF2CD925F5479800C81F3D /* ChallengeApp.swift in Sources */ = {isa = PBXBuildFile; fileRef = ADBF2CAF25F5479800C81F3D /* ChallengeApp.swift */; };
		ADBF2CDA25F5479800C81F3D /* ContentView.swift in Sources */ = {isa = PBXBuildFile; fileRef = ADBF2CB025F5479800C81F3D /* ContentView.swift */; };
		ADBF2CDB25F5479800C81F3D /* ContentView.swift in Sources */ = {isa = PBXBuildFile; fileRef = ADBF2CB025F5479800C81F3D /* ContentView.swift */; };
		ADBF2CDC25F5479800C81F3D /* Assets.xcassets in Resources */ = {isa = PBXBuildFile; fileRef = ADBF2CB125F5479800C81F3D /* Assets.xcassets */; };
		ADBF2CDD25F5479800C81F3D /* Assets.xcassets in Resources */ = {isa = PBXBuildFile; fileRef = ADBF2CB125F5479800C81F3D /* Assets.xcassets */; };
/* End PBXBuildFile section */

/* Begin PBXContainerItemProxy section */
		ADBF2CC725F5479800C81F3D /* PBXContainerItemProxy */ = {
			isa = PBXContainerItemProxy;
			containerPortal = ADBF2CAA25F5479800C81F3D /* Project object */;
			proxyType = 1;
			remoteGlobalIDString = ADBF2CB525F5479800C81F3D;
			remoteInfo = "Challenge (iOS)";
		};
		ADBF2CD225F5479800C81F3D /* PBXContainerItemProxy */ = {
			isa = PBXContainerItemProxy;
			containerPortal = ADBF2CAA25F5479800C81F3D /* Project object */;
			proxyType = 1;
			remoteGlobalIDString = ADBF2CBD25F5479800C81F3D;
			remoteInfo = "Challenge (macOS)";
		};
/* End PBXContainerItemProxy section */

/* Begin PBXFileReference section */
		ADBF2CAF25F5479800C81F3D /* ChallengeApp.swift */ = {isa = PBXFileReference; lastKnownFileType = sourcecode.swift; path = ChallengeApp.swift; sourceTree = "<group>"; };
		ADBF2CB025F5479800C81F3D /* ContentView.swift */ = {isa = PBXFileReference; lastKnownFileType = sourcecode.swift; path = ContentView.swift; sourceTree = "<group>"; };
		ADBF2CB125F5479800C81F3D /* Assets.xcassets */ = {isa = PBXFileReference; lastKnownFileType = folder.assetcatalog; path = Assets.xcassets; sourceTree = "<group>"; };
		ADBF2CB625F5479800C81F3D /* Challenge.app */ = {isa = PBXFileReference; explicitFileType = wrapper.application; includeInIndex = 0; path = Challenge.app; sourceTree = BUILT_PRODUCTS_DIR; };
		ADBF2CB925F5479800C81F3D /* Info.plist */ = {isa = PBXFileReference; lastKnownFileType = text.plist.xml; path = Info.plist; sourceTree = "<group>"; };
		ADBF2CBE25F5479800C81F3D /* Challenge.app */ = {isa = PBXFileReference; explicitFileType = wrapper.application; includeInIndex = 0; path = Challenge.app; sourceTree = BUILT_PRODUCTS_DIR; };
		ADBF2CC025F5479800C81F3D /* Info.plist */ = {isa = PBXFileReference; lastKnownFileType = text.plist.xml; path = Info.plist; sourceTree = "<group>"; };
		ADBF2CC125F5479800C81F3D /* macOS.entitlements */ = {isa = PBXFileReference; lastKnownFileType = text.plist.entitlements; path = macOS.entitlements; sourceTree = "<group>"; };
		ADBF2CC625F5479800C81F3D /* Tests iOS.xctest */ = {isa = PBXFileReference; explicitFileType = wrapper.cfbundle; includeInIndex = 0; path = "Tests iOS.xctest"; sourceTree = BUILT_PRODUCTS_DIR; };
		ADBF2CCA25F5479800C81F3D /* Tests_iOS.swift */ = {isa = PBXFileReference; lastKnownFileType = sourcecode.swift; path = Tests_iOS.swift; sourceTree = "<group>"; };
		ADBF2CCC25F5479800C81F3D /* Info.plist */ = {isa = PBXFileReference; lastKnownFileType = text.plist.xml; path = Info.plist; sourceTree = "<group>"; };
		ADBF2CD125F5479800C81F3D /* Tests macOS.xctest */ = {isa = PBXFileReference; explicitFileType = wrapper.cfbundle; includeInIndex = 0; path = "Tests macOS.xctest"; sourceTree = BUILT_PRODUCTS_DIR; };
		ADBF2CD525F5479800C81F3D /* Tests_macOS.swift */ = {isa = PBXFileReference; lastKnownFileType = sourcecode.swift; path = Tests_macOS.swift; sourceTree = "<group>"; };
		ADBF2CD725F5479800C81F3D /* Info.plist */ = {isa = PBXFileReference; lastKnownFileType = text.plist.xml; path = Info.plist; sourceTree = "<group>"; };
/* End PBXFileReference section */

/* Begin PBXFrameworksBuildPhase section */
		ADBF2CB325F5479800C81F3D /* Frameworks */ = {
			isa = PBXFrameworksBuildPhase;
			buildActionMask = 2147483647;
			files = (
			);
			runOnlyForDeploymentPostprocessing = 0;
		};
		ADBF2CBB25F5479800C81F3D /* Frameworks */ = {
			isa = PBXFrameworksBuildPhase;
			buildActionMask = 2147483647;
			files = (
			);
			runOnlyForDeploymentPostprocessing = 0;
		};
		ADBF2CC325F5479800C81F3D /* Frameworks */ = {
			isa = PBXFrameworksBuildPhase;
			buildActionMask = 2147483647;
			files = (
			);
			runOnlyForDeploymentPostprocessing = 0;
		};
		ADBF2CCE25F5479800C81F3D /* Frameworks */ = {
			isa = PBXFrameworksBuildPhase;
			buildActionMask = 2147483647;
			files = (
			);
			runOnlyForDeploymentPostprocessing = 0;
		};
/* End PBXFrameworksBuildPhase section */

/* Begin PBXGroup section */
		ADBF2CA925F5479800C81F3D = {
			isa = PBXGroup;
			children = (
				ADBF2CAE25F5479800C81F3D /* Shared */,
				ADBF2CB825F5479800C81F3D /* iOS */,
				ADBF2CBF25F5479800C81F3D /* macOS */,
				ADBF2CC925F5479800C81F3D /* Tests iOS */,
				ADBF2CD425F5479800C81F3D /* Tests macOS */,
				ADBF2CB725F5479800C81F3D /* Products */,
			);
			sourceTree = "<group>";
		};
		ADBF2CAE25F5479800C81F3D /* Shared */ = {
			isa = PBXGroup;
			children = (
				ADBF2CAF25F5479800C81F3D /* ChallengeApp.swift */,
				ADBF2CB025F5479800C81F3D /* ContentView.swift */,
				ADBF2CB125F5479800C81F3D /* Assets.xcassets */,
			);
			path = Shared;
			sourceTree = "<group>";
		};
		ADBF2CB725F5479800C81F3D /* Products */ = {
			isa = PBXGroup;
			children = (
				ADBF2CB625F5479800C81F3D /* Challenge.app */,
				ADBF2CBE25F5479800C81F3D /* Challenge.app */,
				ADBF2CC625F5479800C81F3D /* Tests iOS.xctest */,
				ADBF2CD125F5479800C81F3D /* Tests macOS.xctest */,
			);
			name = Products;
			sourceTree = "<group>";
		};
		ADBF2CB825F5479800C81F3D /* iOS */ = {
			isa = PBXGroup;
			children = (
				ADBF2CB925F5479800C81F3D /* Info.plist */,
			);
			path = iOS;
			sourceTree = "<group>";
		};
		ADBF2CBF25F5479800C81F3D /* macOS */ = {
			isa = PBXGroup;
			children = (
				ADBF2CC025F5479800C81F3D /* Info.plist */,
				ADBF2CC125F5479800C81F3D /* macOS.entitlements */,
			);
			path = macOS;
			sourceTree = "<group>";
		};
		ADBF2CC925F5479800C81F3D /* Tests iOS */ = {
			isa = PBXGroup;
			children = (
				ADBF2CCA25F5479800C81F3D /* Tests_iOS.swift */,
				ADBF2CCC25F5479800C81F3D /* Info.plist */,
			);
			path = "Tests iOS";
			sourceTree = "<group>";
		};
		ADBF2CD425F5479800C81F3D /* Tests macOS */ = {
			isa = PBXGroup;
			children = (
				ADBF2CD525F5479800C81F3D /* Tests_macOS.swift */,
				ADBF2CD725F5479800C81F3D /* Info.plist */,
			);
			path = "Tests macOS";
			sourceTree = "<group>";
		};
/* End PBXGroup section */

/* Begin PBXNativeTarget section */
		ADBF2CB525F5479800C81F3D /* Challenge (iOS) */ = {
			isa = PBXNativeTarget;
			buildConfigurationList = ADBF2CE025F5479800C81F3D /* Build configuration list for PBXNativeTarget "Challenge (iOS)" */;
			buildPhases = (
				ADBF2CB225F5479800C81F3D /* Sources */,
				ADBF2CB325F5479800C81F3D /* Frameworks */,
				ADBF2CB425F5479800C81F3D /* Resources */,
			);
			buildRules = (
			);
			dependencies = (
			);
			name = "Challenge (iOS)";
			productName = "Challenge (iOS)";
			productReference = ADBF2CB625F5479800C81F3D /* Challenge.app */;
			productType = "com.apple.product-type.application";
		};
		ADBF2CBD25F5479800C81F3D /* Challenge (macOS) */ = {
			isa = PBXNativeTarget;
			buildConfigurationList = ADBF2CE325F5479800C81F3D /* Build configuration list for PBXNativeTarget "Challenge (macOS)" */;
			buildPhases = (
				ADBF2CBA25F5479800C81F3D /* Sources */,
				ADBF2CBB25F5479800C81F3D /* Frameworks */,
				ADBF2CBC25F5479800C81F3D /* Resources */,
			);
			buildRules = (
			);
			dependencies = (
			);
			name = "Challenge (macOS)";
			productName = "Challenge (macOS)";
			productReference = ADBF2CBE25F5479800C81F3D /* Challenge.app */;
			productType = "com.apple.product-type.application";
		};
		ADBF2CC525F5479800C81F3D /* Tests iOS */ = {
			isa = PBXNativeTarget;
			buildConfigurationList = ADBF2CE625F5479800C81F3D /* Build configuration list for PBXNativeTarget "Tests iOS" */;
			buildPhases = (
				ADBF2CC225F5479800C81F3D /* Sources */,
				ADBF2CC325F5479800C81F3D /* Frameworks */,
				ADBF2CC425F5479800C81F3D /* Resources */,
			);
			buildRules = (
			);
			dependencies = (
				ADBF2CC825F5479800C81F3D /* PBXTargetDependency */,
			);
			name = "Tests iOS";
			productName = "Tests iOS";
			productReference = ADBF2CC625F5479800C81F3D /* Tests iOS.xctest */;
			productType = "com.apple.product-type.bundle.ui-testing";
		};
		ADBF2CD025F5479800C81F3D /* Tests macOS */ = {
			isa = PBXNativeTarget;
			buildConfigurationList = ADBF2CE925F5479800C81F3D /* Build configuration list for PBXNativeTarget "Tests macOS" */;
			buildPhases = (
				ADBF2CCD25F5479800C81F3D /* Sources */,
				ADBF2CCE25F5479800C81F3D /* Frameworks */,
				ADBF2CCF25F5479800C81F3D /* Resources */,
			);
			buildRules = (
			);
			dependencies = (
				ADBF2CD325F5479800C81F3D /* PBXTargetDependency */,
			);
			name = "Tests macOS";
			productName = "Tests macOS";
			productReference = ADBF2CD125F5479800C81F3D /* Tests macOS.xctest */;
			productType = "com.apple.product-type.bundle.ui-testing";
		};
/* End PBXNativeTarget section */

/* Begin PBXProject section */
		ADBF2CAA25F5479800C81F3D /* Project object */ = {
			isa = PBXProject;
			attributes = {
				LastSwiftUpdateCheck = 1240;
				LastUpgradeCheck = 1240;
				TargetAttributes = {
					ADBF2CB525F5479800C81F3D = {
						CreatedOnToolsVersion = 12.4;
					};
					ADBF2CBD25F5479800C81F3D = {
						CreatedOnToolsVersion = 12.4;
					};
					ADBF2CC525F5479800C81F3D = {
						CreatedOnToolsVersion = 12.4;
						TestTargetID = ADBF2CB525F5479800C81F3D;
					};
					ADBF2CD025F5479800C81F3D = {
						CreatedOnToolsVersion = 12.4;
						TestTargetID = ADBF2CBD25F5479800C81F3D;
					};
				};
			};
			buildConfigurationList = ADBF2CAD25F5479800C81F3D /* Build configuration list for PBXProject "Challenge" */;
			compatibilityVersion = "Xcode 9.3";
			developmentRegion = en;
			hasScannedForEncodings = 0;
			knownRegions = (
				en,
				Base,
			);
			mainGroup = ADBF2CA925F5479800C81F3D;
			productRefGroup = ADBF2CB725F5479800C81F3D /* Products */;
			projectDirPath = "";
			projectRoot = "";
			targets = (
				ADBF2CB525F5479800C81F3D /* Challenge (iOS) */,
				ADBF2CBD25F5479800C81F3D /* Challenge (macOS) */,
				ADBF2CC525F5479800C81F3D /* Tests iOS */,
				ADBF2CD025F5479800C81F3D /* Tests macOS */,
			);
		};
/* End PBXProject section */

/* Begin PBXResourcesBuildPhase section */
		ADBF2CB425F5479800C81F3D /* Resources */ = {
			isa = PBXResourcesBuildPhase;
			buildActionMask = 2147483647;
			files = (
				ADBF2CDC25F5479800C81F3D /* Assets.xcassets in Resources */,
			);
			runOnlyForDeploymentPostprocessing = 0;
		};
		ADBF2CBC25F5479800C81F3D /* Resources */ = {
			isa = PBXResourcesBuildPhase;
			buildActionMask = 2147483647;
			files = (
				ADBF2CDD25F5479800C81F3D /* Assets.xcassets in Resources */,
			);
			runOnlyForDeploymentPostprocessing = 0;
		};
		ADBF2CC425F5479800C81F3D /* Resources */ = {
			isa = PBXResourcesBuildPhase;
			buildActionMask = 2147483647;
			files = (
			);
			runOnlyForDeploymentPostprocessing = 0;
		};
		ADBF2CCF25F5479800C81F3D /* Resources */ = {
			isa = PBXResourcesBuildPhase;
			buildActionMask = 2147483647;
			files = (
			);
			runOnlyForDeploymentPostprocessing = 0;
		};
/* End PBXResourcesBuildPhase section */

/* Begin PBXSourcesBuildPhase section */
		ADBF2CB225F5479800C81F3D /* Sources */ = {
			isa = PBXSourcesBuildPhase;
			buildActionMask = 2147483647;
			files = (
				ADBF2CDA25F5479800C81F3D /* ContentView.swift in Sources */,
				ADBF2CD825F5479800C81F3D /* ChallengeApp.swift in Sources */,
			);
			runOnlyForDeploymentPostprocessing = 0;
		};
		ADBF2CBA25F5479800C81F3D /* Sources */ = {
			isa = PBXSourcesBuildPhase;
			buildActionMask = 2147483647;
			files = (
				ADBF2CDB25F5479800C81F3D /* ContentView.swift in Sources */,
				ADBF2CD925F5479800C81F3D /* ChallengeApp.swift in Sources */,
			);
			runOnlyForDeploymentPostprocessing = 0;
		};
		ADBF2CC225F5479800C81F3D /* Sources */ = {
			isa = PBXSourcesBuildPhase;
			buildActionMask = 2147483647;
			files = (
				ADBF2CCB25F5479800C81F3D /* Tests_iOS.swift in Sources */,
			);
			runOnlyForDeploymentPostprocessing = 0;
		};
		ADBF2CCD25F5479800C81F3D /* Sources */ = {
			isa = PBXSourcesBuildPhase;
			buildActionMask = 2147483647;
			files = (
				ADBF2CD625F5479800C81F3D /* Tests_macOS.swift in Sources */,
			);
			runOnlyForDeploymentPostprocessing = 0;
		};
/* End PBXSourcesBuildPhase section */

/* Begin PBXTargetDependency section */
		ADBF2CC825F5479800C81F3D /* PBXTargetDependency */ = {
			isa = PBXTargetDependency;
			target = ADBF2CB525F5479800C81F3D /* Challenge (iOS) */;
			targetProxy = ADBF2CC725F5479800C81F3D /* PBXContainerItemProxy */;
		};
		ADBF2CD325F5479800C81F3D /* PBXTargetDependency */ = {
			isa = PBXTargetDependency;
			target = ADBF2CBD25F5479800C81F3D /* Challenge (macOS) */;
			targetProxy = ADBF2CD225F5479800C81F3D /* PBXContainerItemProxy */;
		};
/* End PBXTargetDependency section */

/* Begin XCBuildConfiguration section */
		ADBF2CDE25F5479800C81F3D /* Debug */ = {
			isa = XCBuildConfiguration;
			buildSettings = {
				ALWAYS_SEARCH_USER_PATHS = NO;
				CLANG_ANALYZER_NONNULL = YES;
				CLANG_ANALYZER_NUMBER_OBJECT_CONVERSION = YES_AGGRESSIVE;
				CLANG_CXX_LANGUAGE_STANDARD = "gnu++14";
				CLANG_CXX_LIBRARY = "libc++";
				CLANG_ENABLE_MODULES = YES;
				CLANG_ENABLE_OBJC_ARC = YES;
				CLANG_ENABLE_OBJC_WEAK = YES;
				CLANG_WARN_BLOCK_CAPTURE_AUTORELEASING = YES;
				CLANG_WARN_BOOL_CONVERSION = YES;
				CLANG_WARN_COMMA = YES;
				CLANG_WARN_CONSTANT_CONVERSION = YES;
				CLANG_WARN_DEPRECATED_OBJC_IMPLEMENTATIONS = YES;
				CLANG_WARN_DIRECT_OBJC_ISA_USAGE = YES_ERROR;
				CLANG_WARN_DOCUMENTATION_COMMENTS = YES;
				CLANG_WARN_EMPTY_BODY = YES;
				CLANG_WARN_ENUM_CONVERSION = YES;
				CLANG_WARN_INFINITE_RECURSION = YES;
				CLANG_WARN_INT_CONVERSION = YES;
				CLANG_WARN_NON_LITERAL_NULL_CONVERSION = YES;
				CLANG_WARN_OBJC_IMPLICIT_RETAIN_SELF = YES;
				CLANG_WARN_OBJC_LITERAL_CONVERSION = YES;
				CLANG_WARN_OBJC_ROOT_CLASS = YES_ERROR;
				CLANG_WARN_QUOTED_INCLUDE_IN_FRAMEWORK_HEADER = YES;
				CLANG_WARN_RANGE_LOOP_ANALYSIS = YES;
				CLANG_WARN_STRICT_PROTOTYPES = YES;
				CLANG_WARN_SUSPICIOUS_MOVE = YES;
				CLANG_WARN_UNGUARDED_AVAILABILITY = YES_AGGRESSIVE;
				CLANG_WARN_UNREACHABLE_CODE = YES;
				CLANG_WARN__DUPLICATE_METHOD_MATCH = YES;
				COPY_PHASE_STRIP = NO;
				DEBUG_INFORMATION_FORMAT = dwarf;
				ENABLE_STRICT_OBJC_MSGSEND = YES;
				ENABLE_TESTABILITY = YES;
				GCC_C_LANGUAGE_STANDARD = gnu11;
				GCC_DYNAMIC_NO_PIC = NO;
				GCC_NO_COMMON_BLOCKS = YES;
				GCC_OPTIMIZATION_LEVEL = 0;
				GCC_PREPROCESSOR_DEFINITIONS = (
					"DEBUG=1",
					"$(inherited)",
				);
				GCC_WARN_64_TO_32_BIT_CONVERSION = YES;
				GCC_WARN_ABOUT_RETURN_TYPE = YES_ERROR;
				GCC_WARN_UNDECLARED_SELECTOR = YES;
				GCC_WARN_UNINITIALIZED_AUTOS = YES_AGGRESSIVE;
				GCC_WARN_UNUSED_FUNCTION = YES;
				GCC_WARN_UNUSED_VARIABLE = YES;
				MTL_ENABLE_DEBUG_INFO = INCLUDE_SOURCE;
				MTL_FAST_MATH = YES;
				ONLY_ACTIVE_ARCH = YES;
				SWIFT_ACTIVE_COMPILATION_CONDITIONS = DEBUG;
				SWIFT_OPTIMIZATION_LEVEL = "-Onone";
			};
			name = Debug;
		};
		ADBF2CDF25F5479800C81F3D /* Release */ = {
			isa = XCBuildConfiguration;
			buildSettings = {
				ALWAYS_SEARCH_USER_PATHS = NO;
				CLANG_ANALYZER_NONNULL = YES;
				CLANG_ANALYZER_NUMBER_OBJECT_CONVERSION = YES_AGGRESSIVE;
				CLANG_CXX_LANGUAGE_STANDARD = "gnu++14";
				CLANG_CXX_LIBRARY = "libc++";
				CLANG_ENABLE_MODULES = YES;
				CLANG_ENABLE_OBJC_ARC = YES;
				CLANG_ENABLE_OBJC_WEAK = YES;
				CLANG_WARN_BLOCK_CAPTURE_AUTORELEASING = YES;
				CLANG_WARN_BOOL_CONVERSION = YES;
				CLANG_WARN_COMMA = YES;
				CLANG_WARN_CONSTANT_CONVERSION = YES;
				CLANG_WARN_DEPRECATED_OBJC_IMPLEMENTATIONS = YES;
				CLANG_WARN_DIRECT_OBJC_ISA_USAGE = YES_ERROR;
				CLANG_WARN_DOCUMENTATION_COMMENTS = YES;
				CLANG_WARN_EMPTY_BODY = YES;
				CLANG_WARN_ENUM_CONVERSION = YES;
				CLANG_WARN_INFINITE_RECURSION = YES;
				CLANG_WARN_INT_CONVERSION = YES;
				CLANG_WARN_NON_LITERAL_NULL_CONVERSION = YES;
				CLANG_WARN_OBJC_IMPLICIT_RETAIN_SELF = YES;
				CLANG_WARN_OBJC_LITERAL_CONVERSION = YES;
				CLANG_WARN_OBJC_ROOT_CLASS = YES_ERROR;
				CLANG_WARN_QUOTED_INCLUDE_IN_FRAMEWORK_HEADER = YES;
				CLANG_WARN_RANGE_LOOP_ANALYSIS = YES;
				CLANG_WARN_STRICT_PROTOTYPES = YES;
				CLANG_WARN_SUSPICIOUS_MOVE = YES;
				CLANG_WARN_UNGUARDED_AVAILABILITY = YES_AGGRESSIVE;
				CLANG_WARN_UNREACHABLE_CODE = YES;
				CLANG_WARN__DUPLICATE_METHOD_MATCH = YES;
				COPY_PHASE_STRIP = NO;
				DEBUG_INFORMATION_FORMAT = "dwarf-with-dsym";
				ENABLE_NS_ASSERTIONS = NO;
				ENABLE_STRICT_OBJC_MSGSEND = YES;
				GCC_C_LANGUAGE_STANDARD = gnu11;
				GCC_NO_COMMON_BLOCKS = YES;
				GCC_WARN_64_TO_32_BIT_CONVERSION = YES;
				GCC_WARN_ABOUT_RETURN_TYPE = YES_ERROR;
				GCC_WARN_UNDECLARED_SELECTOR = YES;
				GCC_WARN_UNINITIALIZED_AUTOS = YES_AGGRESSIVE;
				GCC_WARN_UNUSED_FUNCTION = YES;
				GCC_WARN_UNUSED_VARIABLE = YES;
				MTL_ENABLE_DEBUG_INFO = NO;
				MTL_FAST_MATH = YES;
				SWIFT_COMPILATION_MODE = wholemodule;
				SWIFT_OPTIMIZATION_LEVEL = "-O";
			};
			name = Release;
		};
		ADBF2CE125F5479800C81F3D /* Debug */ = {
			isa = XCBuildConfiguration;
			buildSettings = {
				ASSETCATALOG_COMPILER_APPICON_NAME = AppIcon;
				ASSETCATALOG_COMPILER_GLOBAL_ACCENT_COLOR_NAME = AccentColor;
				CODE_SIGN_STYLE = Automatic;
				ENABLE_PREVIEWS = YES;
				INFOPLIST_FILE = iOS/Info.plist;
				IPHONEOS_DEPLOYMENT_TARGET = 14.0;
				LD_RUNPATH_SEARCH_PATHS = (
					"$(inherited)",
					"@executable_path/Frameworks",
				);
				PRODUCT_BUNDLE_IDENTIFIER = com.kavsoft.Challenge;
				PRODUCT_NAME = Challenge;
				SDKROOT = iphoneos;
				SWIFT_VERSION = 5.0;
				TARGETED_DEVICE_FAMILY = "1,2";
			};
			name = Debug;
		};
		ADBF2CE225F5479800C81F3D /* Release */ = {
			isa = XCBuildConfiguration;
			buildSettings = {
				ASSETCATALOG_COMPILER_APPICON_NAME = AppIcon;
				ASSETCATALOG_COMPILER_GLOBAL_ACCENT_COLOR_NAME = AccentColor;
				CODE_SIGN_STYLE = Automatic;
				ENABLE_PREVIEWS = YES;
				INFOPLIST_FILE = iOS/Info.plist;
				IPHONEOS_DEPLOYMENT_TARGET = 14.0;
				LD_RUNPATH_SEARCH_PATHS = (
					"$(inherited)",
					"@executable_path/Frameworks",
				);
				PRODUCT_BUNDLE_IDENTIFIER = com.kavsoft.Challenge;
				PRODUCT_NAME = Challenge;
				SDKROOT = iphoneos;
				SWIFT_VERSION = 5.0;
				TARGETED_DEVICE_FAMILY = "1,2";
				VALIDATE_PRODUCT = YES;
			};
			name = Release;
		};
		ADBF2CE425F5479800C81F3D /* Debug */ = {
			isa = XCBuildConfiguration;
			buildSettings = {
				ASSETCATALOG_COMPILER_APPICON_NAME = AppIcon;
				ASSETCATALOG_COMPILER_GLOBAL_ACCENT_COLOR_NAME = AccentColor;
				CODE_SIGN_ENTITLEMENTS = macOS/macOS.entitlements;
				CODE_SIGN_STYLE = Automatic;
				COMBINE_HIDPI_IMAGES = YES;
				ENABLE_PREVIEWS = YES;
				INFOPLIST_FILE = macOS/Info.plist;
				LD_RUNPATH_SEARCH_PATHS = (
					"$(inherited)",
					"@executable_path/../Frameworks",
				);
				MACOSX_DEPLOYMENT_TARGET = 11.0;
				PRODUCT_BUNDLE_IDENTIFIER = com.kavsoft.Challenge;
				PRODUCT_NAME = Challenge;
				SDKROOT = macosx;
				SWIFT_VERSION = 5.0;
			};
			name = Debug;
		};
		ADBF2CE525F5479800C81F3D /* Release */ = {
			isa = XCBuildConfiguration;
			buildSettings = {
				ASSETCATALOG_COMPILER_APPICON_NAME = AppIcon;
				ASSETCATALOG_COMPILER_GLOBAL_ACCENT_COLOR_NAME = AccentColor;
				CODE_SIGN_ENTITLEMENTS = macOS/macOS.entitlements;
				CODE_SIGN_STYLE = Automatic;
				COMBINE_HIDPI_IMAGES = YES;
				ENABLE_PREVIEWS = YES;
				INFOPLIST_FILE = macOS/Info.plist;
				LD_RUNPATH_SEARCH_PATHS = (
					"$(inherited)",
					"@executable_path/../Frameworks",
				);
				MACOSX_DEPLOYMENT_TARGET = 11.0;
				PRODUCT_BUNDLE_IDENTIFIER = com.kavsoft.Challenge;
				PRODUCT_NAME = Challenge;
				SDKROOT = macosx;
				SWIFT_VERSION = 5.0;
			};
			name = Release;
		};
		ADBF2CE725F5479800C81F3D /* Debug */ = {
			isa = XCBuildConfiguration;
			buildSettings = {
				ALWAYS_EMBED_SWIFT_STANDARD_LIBRARIES = YES;
				CODE_SIGN_STYLE = Automatic;
				INFOPLIST_FILE = "Tests iOS/Info.plist";
				IPHONEOS_DEPLOYMENT_TARGET = 14.4;
				LD_RUNPATH_SEARCH_PATHS = (
					"$(inherited)",
					"@executable_path/Frameworks",
					"@loader_path/Frameworks",
				);
				PRODUCT_BUNDLE_IDENTIFIER = "com.kavsoft.Tests-iOS";
				PRODUCT_NAME = "$(TARGET_NAME)";
				SDKROOT = iphoneos;
				SWIFT_VERSION = 5.0;
				TARGETED_DEVICE_FAMILY = "1,2";
				TEST_TARGET_NAME = "Challenge (iOS)";
			};
			name = Debug;
		};
		ADBF2CE825F5479800C81F3D /* Release */ = {
			isa = XCBuildConfiguration;
			buildSettings = {
				ALWAYS_EMBED_SWIFT_STANDARD_LIBRARIES = YES;
				CODE_SIGN_STYLE = Automatic;
				INFOPLIST_FILE = "Tests iOS/Info.plist";
				IPHONEOS_DEPLOYMENT_TARGET = 14.4;
				LD_RUNPATH_SEARCH_PATHS = (
					"$(inherited)",
					"@executable_path/Frameworks",
					"@loader_path/Frameworks",
				);
				PRODUCT_BUNDLE_IDENTIFIER = "com.kavsoft.Tests-iOS";
				PRODUCT_NAME = "$(TARGET_NAME)";
				SDKROOT = iphoneos;
				SWIFT_VERSION = 5.0;
				TARGETED_DEVICE_FAMILY = "1,2";
				TEST_TARGET_NAME = "Challenge (iOS)";
				VALIDATE_PRODUCT = YES;
			};
			name = Release;
		};
		ADBF2CEA25F5479800C81F3D /* Debug */ = {
			isa = XCBuildConfiguration;
			buildSettings = {
				ALWAYS_EMBED_SWIFT_STANDARD_LIBRARIES = YES;
				CODE_SIGN_STYLE = Automatic;
				COMBINE_HIDPI_IMAGES = YES;
				INFOPLIST_FILE = "Tests macOS/Info.plist";
				LD_RUNPATH_SEARCH_PATHS = (
					"$(inherited)",
					"@executable_path/../Frameworks",
					"@loader_path/../Frameworks",
				);
				MACOSX_DEPLOYMENT_TARGET = 11.1;
				PRODUCT_BUNDLE_IDENTIFIER = "com.kavsoft.Tests-macOS";
				PRODUCT_NAME = "$(TARGET_NAME)";
				SDKROOT = macosx;
				SWIFT_VERSION = 5.0;
				TEST_TARGET_NAME = "Challenge (macOS)";
			};
			name = Debug;
		};
		ADBF2CEB25F5479800C81F3D /* Release */ = {
			isa = XCBuildConfiguration;
			buildSettings = {
				ALWAYS_EMBED_SWIFT_STANDARD_LIBRARIES = YES;
				CODE_SIGN_STYLE = Automatic;
				COMBINE_HIDPI_IMAGES = YES;
				INFOPLIST_FILE = "Tests macOS/Info.plist";
				LD_RUNPATH_SEARCH_PATHS = (
					"$(inherited)",
					"@executable_path/../Frameworks",
					"@loader_path/../Frameworks",
				);
				MACOSX_DEPLOYMENT_TARGET = 11.1;
				PRODUCT_BUNDLE_IDENTIFIER = "com.kavsoft.Tests-macOS";
				PRODUCT_NAME = "$(TARGET_NAME)";
				SDKROOT = macosx;
				SWIFT_VERSION = 5.0;
				TEST_TARGET_NAME = "Challenge (macOS)";
			};
			name = Release;
		};
/* End XCBuildConfiguration section */

/* Begin XCConfigurationList section */
		ADBF2CAD25F5479800C81F3D /* Build configuration list for PBXProject "Challenge" */ = {
			isa = XCConfigurationList;
			buildConfigurations = (
				ADBF2CDE25F5479800C81F3D /* Debug */,
				ADBF2CDF25F5479800C81F3D /* Release */,
			);
			defaultConfigurationIsVisible = 0;
			defaultConfigurationName = Release;
		};
		ADBF2CE025F5479800C81F3D /* Build configuration list for PBXNativeTarget "Challenge (iOS)" */ = {
			isa = XCConfigurationList;
			buildConfigurations = (
				ADBF2CE125F5479800C81F3D /* Debug */,
				ADBF2CE225F5479800C81F3D /* Release */,
			);
			defaultConfigurationIsVisible = 0;
			defaultConfigurationName = Release;
		};
		ADBF2CE325F5479800C81F3D /* Build configuration list for PBXNativeTarget "Challenge (macOS)" */ = {
			isa = XCConfigurationList;
			buildConfigurations = (
				ADBF2CE425F5479800C81F3D /* Debug */,
				ADBF2CE525F5479800C81F3D /* Release */,
			);
			defaultConfigurationIsVisible = 0;
			defaultConfigurationName = Release;
		};
		ADBF2CE625F5479800C81F3D /* Build configuration list for PBXNativeTarget "Tests iOS" */ = {
			isa = XCConfigurationList;
			buildConfigurations = (
				ADBF2CE725F5479800C81F3D /* Debug */,
				ADBF2CE825F5479800C81F3D /* Release */,
			);
			defaultConfigurationIsVisible = 0;
			defaultConfigurationName = Release;
		};
		ADBF2CE925F5479800C81F3D /* Build configuration list for PBXNativeTarget "Tests macOS" */ = {
			isa = XCConfigurationList;
			buildConfigurations = (
				ADBF2CEA25F5479800C81F3D /* Debug */,
				ADBF2CEB25F5479800C81F3D /* Release */,
			);
			defaultConfigurationIsVisible = 0;
			defaultConfigurationName = Release;
		};
/* End XCConfigurationList section */
	};
	rootObject = ADBF2CAA25F5479800C81F3D /* Project object */;
}
